PODS:
  - AFNetworking (2.5.3):
    - AFNetworking/NSURLConnection (= 2.5.3)
    - AFNetworking/NSURLSession (= 2.5.3)
    - AFNetworking/Reachability (= 2.5.3)
    - AFNetworking/Security (= 2.5.3)
    - AFNetworking/Serialization (= 2.5.3)
    - AFNetworking/UIKit (= 2.5.3)
  - AFNetworking/NSURLConnection (2.5.3):
    - AFNetworking/Reachability
    - AFNetworking/Security
    - AFNetworking/Serialization
  - AFNetworking/NSURLSession (2.5.3):
    - AFNetworking/Reachability
    - AFNetworking/Security
    - AFNetworking/Serialization
  - AFNetworking/Reachability (2.5.3)
  - AFNetworking/Security (2.5.3)
  - AFNetworking/Serialization (2.5.3)
  - AFNetworking/UIKit (2.5.3):
    - AFNetworking/NSURLConnection
    - AFNetworking/NSURLSession
  - APNumberPad (1.1.2)
  - CLImageEditor (0.1.4):
    - CLImageEditor/Core (= 0.1.4)
  - CLImageEditor/Core (0.1.4)
  - DACircularProgress (2.3.1)
  - Firebase (2.3.1)
  - Haneke (1.0.1)
  - HMSegmentedControl (1.5.2)
  - IDMPhotoBrowser (1.6.2):
    - AFNetworking
    - DACircularProgress
    - pop
  - JSQMessagesViewController (7.1.0):
    - JSQSystemSoundPlayer (~> 2.0.1)
  - JSQSystemSoundPlayer (2.0.1)
  - JTImageButton (1.0.2)
  - MBProgressHUD (0.9.1)
  - MMPickerView (0.0.1)
  - pop (1.0.7)
  - RNGridMenu (0.1.3)
  - SDWebImage (3.7.2):
    - SDWebImage/Core (= 3.7.2)
  - SDWebImage/Core (3.7.2)
  - SZTextView (1.2.1)

DEPENDENCIES:
  - AFNetworking (~> 2.0)
  - APNumberPad
  - CLImageEditor
  - Firebase (>= 2.3.1)
  - Haneke (~> 1.0)
  - HMSegmentedControl
  - IDMPhotoBrowser
  - JSQMessagesViewController
  - JTImageButton
  - MBProgressHUD (~> 0.9.1)
  - MMPickerView (~> 0.0.1)
  - RNGridMenu (~> 0.1.2)
  - SDWebImage (~> 3.7)
  - SZTextView

SPEC CHECKSUMS:
  AFNetworking: e1d86c2a96bb5d2e7408da36149806706ee122fe
  APNumberPad: 705e9e1a38df66e71b12d6628a6229a9a2ddb5c5
  CLImageEditor: 9d388449af816729da67e68465e20462f181841d
  DACircularProgress: 4dd437c0fc3da5161cb289e07ac449493d41db71
  Firebase: 462795adf92029ddb97777660627f5dd4fd59876
  Haneke: d60be8b96b228633b24708dd153169d6849d6f78
  HMSegmentedControl: 83b9686022d2176fb6457d2bdb61e5d6393fed7d
  IDMPhotoBrowser: ebbfa6690456b72dd92d93b7bc11d71519f4d06d
  JSQMessagesViewController: ca11f86fa68ca70835f05e169df9244147c1dc40
  JSQSystemSoundPlayer: c5850e77a4363ffd374cd851154b9af93264ed8d
  JTImageButton: d214ff9ee6e01865368a9f749c5a16e6abbf6409
  MBProgressHUD: c47f2c166c126cf2ce36498d80f33e754d4e93ad
  MMPickerView: 6ba6bd5d0ef1fd60372d3f5e4fa80ad4237a86a0
  pop: 628ffc631644601567ee8bfaaaea493ebd7d0923
  RNGridMenu: c58db81f87b5473936bb1b675dc3e947c409b51d
  SDWebImage: 71b7cdc1d1721d6a82ed62889030225f2c249e29
  SZTextView: 906df45afd3c1b24fc5252088d5ef8061513c238

COCOAPODS: 0.37.0
