// !$*UTF8*$!
{
	archiveVersion = 1;
	classes = {
	};
	objectVersion = 46;
	objects = {

/* Begin PBXBuildFile section */
		64AE23510F482E5A1A10D7E5 /* libPods.a in Frameworks */ = {isa = PBXBuildFile; fileRef = A02F6CD541644ABF1CD6C53B /* libPods.a */; };
		E916F4451B00A9ED005055E3 /* MainViewController.m in Sources */ = {isa = PBXBuildFile; fileRef = E916F4441B00A9ED005055E3 /* MainViewController.m */; };
		E916F44E1B00B978005055E3 /* GenericController.m in Sources */ = {isa = PBXBuildFile; fileRef = E916F44D1B00B978005055E3 /* GenericController.m */; };
		E916F45A1B01EC57005055E3 /* camera@1x.png in Resources */ = {isa = PBXBuildFile; fileRef = E916F4571B01EC57005055E3 /* camera@1x.png */; };
		E916F45B1B01EC57005055E3 /* camera@2x.png in Resources */ = {isa = PBXBuildFile; fileRef = E916F4581B01EC57005055E3 /* camera@2x.png */; };
		E916F45C1B01EC57005055E3 /* camera@3x.png in Resources */ = {isa = PBXBuildFile; fileRef = E916F4591B01EC57005055E3 /* camera@3x.png */; };
		E916F4611B02F62C005055E3 /* KLCPopup.m in Sources */ = {isa = PBXBuildFile; fileRef = E916F4601B02F62C005055E3 /* KLCPopup.m */; };
		E916F46E1B033BDE005055E3 /* Utilities.m in Sources */ = {isa = PBXBuildFile; fileRef = E916F46D1B033BDE005055E3 /* Utilities.m */; };
		E91A5A621B048590008382E2 /* cameraplus@1x.png in Resources */ = {isa = PBXBuildFile; fileRef = E91A5A5F1B048590008382E2 /* cameraplus@1x.png */; };
		E91A5A631B048590008382E2 /* cameraplus@2x.png in Resources */ = {isa = PBXBuildFile; fileRef = E91A5A601B048590008382E2 /* cameraplus@2x.png */; };
		E91A5A641B048590008382E2 /* cameraplus@3x.png in Resources */ = {isa = PBXBuildFile; fileRef = E91A5A611B048590008382E2 /* cameraplus@3x.png */; };
		E91A5A681B049A2D008382E2 /* square_dashed@1x.png in Resources */ = {isa = PBXBuildFile; fileRef = E91A5A651B049A2D008382E2 /* square_dashed@1x.png */; };
		E91A5A691B049A2D008382E2 /* square_dashed@2x.png in Resources */ = {isa = PBXBuildFile; fileRef = E91A5A661B049A2D008382E2 /* square_dashed@2x.png */; };
		E91A5A6A1B049A2D008382E2 /* square_dashed@3x.png in Resources */ = {isa = PBXBuildFile; fileRef = E91A5A671B049A2D008382E2 /* square_dashed@3x.png */; };
		E91A5A6E1B04C1E6008382E2 /* next@1x.png in Resources */ = {isa = PBXBuildFile; fileRef = E91A5A6B1B04C1E6008382E2 /* next@1x.png */; };
		E91A5A6F1B04C1E6008382E2 /* next@2x.png in Resources */ = {isa = PBXBuildFile; fileRef = E91A5A6C1B04C1E6008382E2 /* next@2x.png */; };
		E91A5A701B04C1E6008382E2 /* next@3x.png in Resources */ = {isa = PBXBuildFile; fileRef = E91A5A6D1B04C1E6008382E2 /* next@3x.png */; };
		E94D17CB1AF8B51000E31B01 /* AppDelegate.m in Sources */ = {isa = PBXBuildFile; fileRef = E94D17CA1AF8B51000E31B01 /* AppDelegate.m */; };
		E94D17D41AF8B66000E31B01 /* main.m in Sources */ = {isa = PBXBuildFile; fileRef = E94D17D31AF8B66000E31B01 /* main.m */; };
		E94D17DA1AF8B8F800E31B01 /* Info.plist in Resources */ = {isa = PBXBuildFile; fileRef = E94D17D91AF8B8F800E31B01 /* Info.plist */; };
		E94D180F1AF9CE8900E31B01 /* browse@1x.png in Resources */ = {isa = PBXBuildFile; fileRef = E94D17FD1AF9CE8900E31B01 /* browse@1x.png */; };
		E94D18101AF9CE8900E31B01 /* browse@2x.png in Resources */ = {isa = PBXBuildFile; fileRef = E94D17FE1AF9CE8900E31B01 /* browse@2x.png */; };
		E94D18111AF9CE8900E31B01 /* browse@3x.png in Resources */ = {isa = PBXBuildFile; fileRef = E94D17FF1AF9CE8900E31B01 /* browse@3x.png */; };
		E94D18121AF9CE8900E31B01 /* chat@1x.png in Resources */ = {isa = PBXBuildFile; fileRef = E94D18001AF9CE8900E31B01 /* chat@1x.png */; };
		E94D18131AF9CE8900E31B01 /* chat@2x.png in Resources */ = {isa = PBXBuildFile; fileRef = E94D18011AF9CE8900E31B01 /* chat@2x.png */; };
		E94D18141AF9CE8900E31B01 /* chat@3x.png in Resources */ = {isa = PBXBuildFile; fileRef = E94D18021AF9CE8900E31B01 /* chat@3x.png */; };
		E94D18151AF9CE8900E31B01 /* filter@1x.png in Resources */ = {isa = PBXBuildFile; fileRef = E94D18031AF9CE8900E31B01 /* filter@1x.png */; };
		E94D18161AF9CE8900E31B01 /* filter@2x.png in Resources */ = {isa = PBXBuildFile; fileRef = E94D18041AF9CE8900E31B01 /* filter@2x.png */; };
		E94D18171AF9CE8900E31B01 /* filter@3x.png in Resources */ = {isa = PBXBuildFile; fileRef = E94D18051AF9CE8900E31B01 /* filter@3x.png */; };
		E94D18181AF9CE8900E31B01 /* newsfeed@1x.png in Resources */ = {isa = PBXBuildFile; fileRef = E94D18061AF9CE8900E31B01 /* newsfeed@1x.png */; };
		E94D18191AF9CE8900E31B01 /* newsfeed@2x.png in Resources */ = {isa = PBXBuildFile; fileRef = E94D18071AF9CE8900E31B01 /* newsfeed@2x.png */; };
		E94D181A1AF9CE8900E31B01 /* newsfeed@3x.png in Resources */ = {isa = PBXBuildFile; fileRef = E94D18081AF9CE8900E31B01 /* newsfeed@3x.png */; };
		E94D181B1AF9CE8900E31B01 /* profile@1x.png in Resources */ = {isa = PBXBuildFile; fileRef = E94D18091AF9CE8900E31B01 /* profile@1x.png */; };
		E94D181C1AF9CE8900E31B01 /* profile@2x.png in Resources */ = {isa = PBXBuildFile; fileRef = E94D180A1AF9CE8900E31B01 /* profile@2x.png */; };
		E94D181D1AF9CE8900E31B01 /* profile@3x.png in Resources */ = {isa = PBXBuildFile; fileRef = E94D180B1AF9CE8900E31B01 /* profile@3x.png */; };
		E94D181E1AF9CE8900E31B01 /* search@1x.png in Resources */ = {isa = PBXBuildFile; fileRef = E94D180C1AF9CE8900E31B01 /* search@1x.png */; };
		E94D181F1AF9CE8900E31B01 /* search@2x.png in Resources */ = {isa = PBXBuildFile; fileRef = E94D180D1AF9CE8900E31B01 /* search@2x.png */; };
		E94D18201AF9CE8900E31B01 /* search@3x.png in Resources */ = {isa = PBXBuildFile; fileRef = E94D180E1AF9CE8900E31B01 /* search@3x.png */; };
		E94D18371AF9F18300E31B01 /* newsfeed@1x.png in Resources */ = {isa = PBXBuildFile; fileRef = E94D182E1AF9F18300E31B01 /* newsfeed@1x.png */; };
		E94D18381AF9F18300E31B01 /* newsfeed@2x.png in Resources */ = {isa = PBXBuildFile; fileRef = E94D182F1AF9F18300E31B01 /* newsfeed@2x.png */; };
		E94D18391AF9F18300E31B01 /* newsfeed@3x.png in Resources */ = {isa = PBXBuildFile; fileRef = E94D18301AF9F18300E31B01 /* newsfeed@3x.png */; };
		E94D18441AFA032600E31B01 /* WantData.m in Sources */ = {isa = PBXBuildFile; fileRef = E94D18431AFA032600E31B01 /* WantData.m */; };
		E955744C1AF86D2600F0B230 /* Images.xcassets in Resources */ = {isa = PBXBuildFile; fileRef = E955744B1AF86D2600F0B230 /* Images.xcassets */; };
		E955744F1AF86D2600F0B230 /* LaunchScreen.xib in Resources */ = {isa = PBXBuildFile; fileRef = E955744D1AF86D2600F0B230 /* LaunchScreen.xib */; };
		E955745B1AF86D2600F0B230 /* whuntedTests.m in Sources */ = {isa = PBXBuildFile; fileRef = E955745A1AF86D2600F0B230 /* whuntedTests.m */; };
		E95CFA501B141E3C003755E3 /* LoginSignupViewController.m in Sources */ = {isa = PBXBuildFile; fileRef = E95CFA4F1B141E3C003755E3 /* LoginSignupViewController.m */; };
		E95CFA551B141EDE003755E3 /* facebook_login_button@1x.png in Resources */ = {isa = PBXBuildFile; fileRef = E95CFA521B141EDE003755E3 /* facebook_login_button@1x.png */; };
		E95CFA561B141EDE003755E3 /* facebook_login_button@2x.png in Resources */ = {isa = PBXBuildFile; fileRef = E95CFA531B141EDE003755E3 /* facebook_login_button@2x.png */; };
		E95CFA571B141EDE003755E3 /* facebook_login_button@3x.png in Resources */ = {isa = PBXBuildFile; fileRef = E95CFA541B141EDE003755E3 /* facebook_login_button@3x.png */; };
		E963614D1B16C7F000EB9D35 /* marketplace@1x.png in Resources */ = {isa = PBXBuildFile; fileRef = E963614A1B16C7F000EB9D35 /* marketplace@1x.png */; };
		E963614E1B16C7F000EB9D35 /* marketplace@2x.png in Resources */ = {isa = PBXBuildFile; fileRef = E963614B1B16C7F000EB9D35 /* marketplace@2x.png */; };
		E963614F1B16C7F000EB9D35 /* marketplace@3x.png in Resources */ = {isa = PBXBuildFile; fileRef = E963614C1B16C7F000EB9D35 /* marketplace@3x.png */; };
		E96361521B1815D400EB9D35 /* WantTableViewCell.m in Sources */ = {isa = PBXBuildFile; fileRef = E96361511B1815D400EB9D35 /* WantTableViewCell.m */; };
		E97CE48C1B07745A0027C5FA /* squareplus@1x.png in Resources */ = {isa = PBXBuildFile; fileRef = E97CE4891B07745A0027C5FA /* squareplus@1x.png */; };
		E97CE48E1B07745A0027C5FA /* squareplus@3x.png in Resources */ = {isa = PBXBuildFile; fileRef = E97CE48B1B07745A0027C5FA /* squareplus@3x.png */; };
		E97CE4901B07876C0027C5FA /* squareplus@2x.png in Resources */ = {isa = PBXBuildFile; fileRef = E97CE48F1B07876C0027C5FA /* squareplus@2x.png */; };
		E97CE4941B0933EE0027C5FA /* CategoryTableViewController.m in Sources */ = {isa = PBXBuildFile; fileRef = E97CE4931B0933EE0027C5FA /* CategoryTableViewController.m */; };
		E97CE4981B09BEFF0027C5FA /* LocationTableViewController.m in Sources */ = {isa = PBXBuildFile; fileRef = E97CE4971B09BEFF0027C5FA /* LocationTableViewController.m */; };
		E97CE49C1B09C84A0027C5FA /* ItemInfoTableViewController.m in Sources */ = {isa = PBXBuildFile; fileRef = E97CE49B1B09C84A0027C5FA /* ItemInfoTableViewController.m */; };
		E97CE4A11B09ECC90027C5FA /* WantDetailsViewController.m in Sources */ = {isa = PBXBuildFile; fileRef = E97CE4A01B09ECC90027C5FA /* WantDetailsViewController.m */; };
		E97CE4AC1B09EF230027C5FA /* NewsFeedViewController.m in Sources */ = {isa = PBXBuildFile; fileRef = E97CE4AA1B09EF230027C5FA /* NewsFeedViewController.m */; };
		E97CE4AD1B09EF230027C5FA /* NewsFeedViewController.xib in Resources */ = {isa = PBXBuildFile; fileRef = E97CE4AB1B09EF230027C5FA /* NewsFeedViewController.xib */; };
		E97CE4B11B09EF330027C5FA /* NewsFeedTableViewCell.m in Sources */ = {isa = PBXBuildFile; fileRef = E97CE4AF1B09EF330027C5FA /* NewsFeedTableViewCell.m */; };
		E97CE4B21B09EF330027C5FA /* NewsFeedTableViewCell.xib in Resources */ = {isa = PBXBuildFile; fileRef = E97CE4B01B09EF330027C5FA /* NewsFeedTableViewCell.xib */; };
		E97CE4B61B0A076B0027C5FA /* ImageGetterViewController.m in Sources */ = {isa = PBXBuildFile; fileRef = E97CE4B41B0A076B0027C5FA /* ImageGetterViewController.m */; };
		E97CE4B71B0A076B0027C5FA /* ImageGetterViewController.xib in Resources */ = {isa = PBXBuildFile; fileRef = E97CE4B51B0A076B0027C5FA /* ImageGetterViewController.xib */; };
		E9B800701B144376006D9133 /* Bolts.framework in Frameworks */ = {isa = PBXBuildFile; fileRef = E9B8006E1B144376006D9133 /* Bolts.framework */; };
		E9B800711B144376006D9133 /* Parse.framework in Frameworks */ = {isa = PBXBuildFile; fileRef = E9B8006F1B144376006D9133 /* Parse.framework */; };
		E9B800731B1443B5006D9133 /* libsqlite3.dylib in Frameworks */ = {isa = PBXBuildFile; fileRef = E9B800721B1443B5006D9133 /* libsqlite3.dylib */; };
		E9B800751B1443D8006D9133 /* Accounts.framework in Frameworks */ = {isa = PBXBuildFile; fileRef = E9B800741B1443D8006D9133 /* Accounts.framework */; };
		E9B800771B1443E3006D9133 /* AudioToolbox.framework in Frameworks */ = {isa = PBXBuildFile; fileRef = E9B800761B1443E3006D9133 /* AudioToolbox.framework */; };
		E9B800791B144412006D9133 /* CoreLocation.framework in Frameworks */ = {isa = PBXBuildFile; fileRef = E9B800781B144412006D9133 /* CoreLocation.framework */; };
		E9B8007B1B144431006D9133 /* CFNetwork.framework in Frameworks */ = {isa = PBXBuildFile; fileRef = E9B8007A1B144431006D9133 /* CFNetwork.framework */; };
		E9B8007D1B144447006D9133 /* Foundation.framework in Frameworks */ = {isa = PBXBuildFile; fileRef = E9B8007C1B144447006D9133 /* Foundation.framework */; };
		E9B8007F1B14445B006D9133 /* Social.framework in Frameworks */ = {isa = PBXBuildFile; fileRef = E9B8007E1B14445B006D9133 /* Social.framework */; };
		E9B800811B144470006D9133 /* CoreGraphics.framework in Frameworks */ = {isa = PBXBuildFile; fileRef = E9B800801B144470006D9133 /* CoreGraphics.framework */; };
		E9B800831B14447B006D9133 /* AdSupport.framework in Frameworks */ = {isa = PBXBuildFile; fileRef = E9B800821B14447B006D9133 /* AdSupport.framework */; };
		E9B800851B1444B3006D9133 /* MobileCoreServices.framework in Frameworks */ = {isa = PBXBuildFile; fileRef = E9B800841B1444B3006D9133 /* MobileCoreServices.framework */; };
		E9B800871B1444BB006D9133 /* QuartzCore.framework in Frameworks */ = {isa = PBXBuildFile; fileRef = E9B800861B1444BB006D9133 /* QuartzCore.framework */; };
		E9B800891B1444C7006D9133 /* Security.framework in Frameworks */ = {isa = PBXBuildFile; fileRef = E9B800881B1444C7006D9133 /* Security.framework */; };
		E9B8008B1B1444D1006D9133 /* StoreKit.framework in Frameworks */ = {isa = PBXBuildFile; fileRef = E9B8008A1B1444D1006D9133 /* StoreKit.framework */; };
		E9B8008D1B1444DE006D9133 /* SystemConfiguration.framework in Frameworks */ = {isa = PBXBuildFile; fileRef = E9B8008C1B1444DE006D9133 /* SystemConfiguration.framework */; };
		E9B8008F1B1444F2006D9133 /* libz.dylib in Frameworks */ = {isa = PBXBuildFile; fileRef = E9B8008E1B1444F2006D9133 /* libz.dylib */; };
		E9B800941B144527006D9133 /* FBSDKCoreKit.framework in Frameworks */ = {isa = PBXBuildFile; fileRef = E9B800911B144527006D9133 /* FBSDKCoreKit.framework */; };
		E9B800951B144527006D9133 /* FBSDKLoginKit.framework in Frameworks */ = {isa = PBXBuildFile; fileRef = E9B800921B144527006D9133 /* FBSDKLoginKit.framework */; };
		E9B800961B144527006D9133 /* FBSDKShareKit.framework in Frameworks */ = {isa = PBXBuildFile; fileRef = E9B800931B144527006D9133 /* FBSDKShareKit.framework */; };
		E9B800981B14458B006D9133 /* ParseFacebookUtilsV4.framework in Frameworks */ = {isa = PBXBuildFile; fileRef = E9B800971B14458B006D9133 /* ParseFacebookUtilsV4.framework */; };
		E9B8009A1B145481006D9133 /* background_image.jpg in Resources */ = {isa = PBXBuildFile; fileRef = E9B800991B145481006D9133 /* background_image.jpg */; };
		E9B800A31B16B5BC006D9133 /* app_icon@1x.png in Resources */ = {isa = PBXBuildFile; fileRef = E9B800A01B16B5BC006D9133 /* app_icon@1x.png */; };
		E9B800A41B16B5BC006D9133 /* app_icon@2x.png in Resources */ = {isa = PBXBuildFile; fileRef = E9B800A11B16B5BC006D9133 /* app_icon@2x.png */; };
		E9B800A51B16B5BC006D9133 /* app_icon@3x.png in Resources */ = {isa = PBXBuildFile; fileRef = E9B800A21B16B5BC006D9133 /* app_icon@3x.png */; };
		E9D9C50B1B1C012000222E0C /* MarketplaceViewController.m in Sources */ = {isa = PBXBuildFile; fileRef = E9D9C50A1B1C012000222E0C /* MarketplaceViewController.m */; };
		E9D9C50F1B1C059D00222E0C /* MarketplaceCollectionViewCell.m in Sources */ = {isa = PBXBuildFile; fileRef = E9D9C50E1B1C059D00222E0C /* MarketplaceCollectionViewCell.m */; };
		E9E456601B0D863200E8B55D /* MyWantViewController.m in Sources */ = {isa = PBXBuildFile; fileRef = E9E4565E1B0D863200E8B55D /* MyWantViewController.m */; };
		E9E456651B0D866F00E8B55D /* MySellViewController.m in Sources */ = {isa = PBXBuildFile; fileRef = E9E456631B0D866F00E8B55D /* MySellViewController.m */; };
		E9E4566D1B0D8C7400E8B55D /* sell_icon@1x.png in Resources */ = {isa = PBXBuildFile; fileRef = E9E456671B0D8C7400E8B55D /* sell_icon@1x.png */; };
		E9E4566E1B0D8C7400E8B55D /* sell_icon@2x.png in Resources */ = {isa = PBXBuildFile; fileRef = E9E456681B0D8C7400E8B55D /* sell_icon@2x.png */; };
		E9E4566F1B0D8C7400E8B55D /* sell_icon@3x.png in Resources */ = {isa = PBXBuildFile; fileRef = E9E456691B0D8C7400E8B55D /* sell_icon@3x.png */; };
		E9E456701B0D8C7400E8B55D /* want_icon@1x.png in Resources */ = {isa = PBXBuildFile; fileRef = E9E4566A1B0D8C7400E8B55D /* want_icon@1x.png */; };
		E9E456711B0D8C7400E8B55D /* want_icon@2x.png in Resources */ = {isa = PBXBuildFile; fileRef = E9E4566B1B0D8C7400E8B55D /* want_icon@2x.png */; };
		E9E456721B0D8C7400E8B55D /* want_icon@3x.png in Resources */ = {isa = PBXBuildFile; fileRef = E9E4566C1B0D8C7400E8B55D /* want_icon@3x.png */; };
		E9E456841B0DE8E100E8B55D /* HorizontalLineViewController.xib in Resources */ = {isa = PBXBuildFile; fileRef = E9E456831B0DE8E100E8B55D /* HorizontalLineViewController.xib */; };
		E9E456871B0DE92300E8B55D /* HorizontalLineViewController.m in Sources */ = {isa = PBXBuildFile; fileRef = E9E456861B0DE92300E8B55D /* HorizontalLineViewController.m */; };
		E9E456911B0F0DA500E8B55D /* likes_icon.png in Resources */ = {isa = PBXBuildFile; fileRef = E9E4568F1B0F0DA500E8B55D /* likes_icon.png */; };
		E9E456921B0F0DA500E8B55D /* view_icon.png in Resources */ = {isa = PBXBuildFile; fileRef = E9E456901B0F0DA500E8B55D /* view_icon.png */; };
		E9E456941B0F20CE00E8B55D /* promote_icon.png in Resources */ = {isa = PBXBuildFile; fileRef = E9E456931B0F20CE00E8B55D /* promote_icon.png */; };
		E9E456961B0F25E400E8B55D /* sellers_icon.png in Resources */ = {isa = PBXBuildFile; fileRef = E9E456951B0F25E400E8B55D /* sellers_icon.png */; };
		E9E456D21B0F3B6B00E8B55D /* WantImageViewController.m in Sources */ = {isa = PBXBuildFile; fileRef = E9E456D11B0F3B6B00E8B55D /* WantImageViewController.m */; };
/* End PBXBuildFile section */

/* Begin PBXContainerItemProxy section */
		E95574551AF86D2600F0B230 /* PBXContainerItemProxy */ = {
			isa = PBXContainerItemProxy;
			containerPortal = E95574331AF86D2600F0B230 /* Project object */;
			proxyType = 1;
			remoteGlobalIDString = E955743A1AF86D2600F0B230;
			remoteInfo = whunted;
		};
/* End PBXContainerItemProxy section */

/* Begin PBXFileReference section */
		531206C37018F83BCB102C23 /* Pods.debug.xcconfig */ = {isa = PBXFileReference; includeInIndex = 1; lastKnownFileType = text.xcconfig; name = Pods.debug.xcconfig; path = "Pods/Target Support Files/Pods/Pods.debug.xcconfig"; sourceTree = "<group>"; };
		A02F6CD541644ABF1CD6C53B /* libPods.a */ = {isa = PBXFileReference; explicitFileType = archive.ar; includeInIndex = 0; path = libPods.a; sourceTree = BUILT_PRODUCTS_DIR; };
		E916F4431B00A9ED005055E3 /* MainViewController.h */ = {isa = PBXFileReference; fileEncoding = 4; lastKnownFileType = sourcecode.c.h; name = MainViewController.h; path = Controllers/MainController/MainViewController.h; sourceTree = "<group>"; };
		E916F4441B00A9ED005055E3 /* MainViewController.m */ = {isa = PBXFileReference; fileEncoding = 4; lastKnownFileType = sourcecode.c.objc; name = MainViewController.m; path = Controllers/MainController/MainViewController.m; sourceTree = "<group>"; };
		E916F44C1B00B978005055E3 /* GenericController.h */ = {isa = PBXFileReference; fileEncoding = 4; lastKnownFileType = sourcecode.c.h; name = GenericController.h; path = Controllers/GenericControllers/GenericController.h; sourceTree = "<group>"; };
		E916F44D1B00B978005055E3 /* GenericController.m */ = {isa = PBXFileReference; fileEncoding = 4; lastKnownFileType = sourcecode.c.objc; name = GenericController.m; path = Controllers/GenericControllers/GenericController.m; sourceTree = "<group>"; };
		E916F4571B01EC57005055E3 /* camera@1x.png */ = {isa = PBXFileReference; lastKnownFileType = image.png; name = "camera@1x.png"; path = "Resources/Tab Bar Icons/camera@1x.png"; sourceTree = "<group>"; };
		E916F4581B01EC57005055E3 /* camera@2x.png */ = {isa = PBXFileReference; lastKnownFileType = image.png; name = "camera@2x.png"; path = "Resources/Tab Bar Icons/camera@2x.png"; sourceTree = "<group>"; };
		E916F4591B01EC57005055E3 /* camera@3x.png */ = {isa = PBXFileReference; lastKnownFileType = image.png; name = "camera@3x.png"; path = "Resources/Tab Bar Icons/camera@3x.png"; sourceTree = "<group>"; };
		E916F45F1B02F62C005055E3 /* KLCPopup.h */ = {isa = PBXFileReference; fileEncoding = 4; lastKnownFileType = sourcecode.c.h; name = KLCPopup.h; path = Library/KLCPopup/KLCPopup.h; sourceTree = "<group>"; };
		E916F4601B02F62C005055E3 /* KLCPopup.m */ = {isa = PBXFileReference; fileEncoding = 4; lastKnownFileType = sourcecode.c.objc; name = KLCPopup.m; path = Library/KLCPopup/KLCPopup.m; sourceTree = "<group>"; };
		E916F46C1B033BDE005055E3 /* Utilities.h */ = {isa = PBXFileReference; fileEncoding = 4; lastKnownFileType = sourcecode.c.h; name = Utilities.h; path = Library/Utilities/Utilities.h; sourceTree = "<group>"; };
		E916F46D1B033BDE005055E3 /* Utilities.m */ = {isa = PBXFileReference; fileEncoding = 4; lastKnownFileType = sourcecode.c.objc; name = Utilities.m; path = Library/Utilities/Utilities.m; sourceTree = "<group>"; };
		E91A5A5F1B048590008382E2 /* cameraplus@1x.png */ = {isa = PBXFileReference; lastKnownFileType = image.png; name = "cameraplus@1x.png"; path = "Resources/Want Details/cameraplus@1x.png"; sourceTree = "<group>"; };
		E91A5A601B048590008382E2 /* cameraplus@2x.png */ = {isa = PBXFileReference; lastKnownFileType = image.png; name = "cameraplus@2x.png"; path = "Resources/Want Details/cameraplus@2x.png"; sourceTree = "<group>"; };
		E91A5A611B048590008382E2 /* cameraplus@3x.png */ = {isa = PBXFileReference; lastKnownFileType = image.png; name = "cameraplus@3x.png"; path = "Resources/Want Details/cameraplus@3x.png"; sourceTree = "<group>"; };
		E91A5A651B049A2D008382E2 /* square_dashed@1x.png */ = {isa = PBXFileReference; lastKnownFileType = image.png; name = "square_dashed@1x.png"; path = "Resources/Want Details/square_dashed@1x.png"; sourceTree = "<group>"; };
		E91A5A661B049A2D008382E2 /* square_dashed@2x.png */ = {isa = PBXFileReference; lastKnownFileType = image.png; name = "square_dashed@2x.png"; path = "Resources/Want Details/square_dashed@2x.png"; sourceTree = "<group>"; };
		E91A5A671B049A2D008382E2 /* square_dashed@3x.png */ = {isa = PBXFileReference; lastKnownFileType = image.png; name = "square_dashed@3x.png"; path = "Resources/Want Details/square_dashed@3x.png"; sourceTree = "<group>"; };
		E91A5A6B1B04C1E6008382E2 /* next@1x.png */ = {isa = PBXFileReference; lastKnownFileType = image.png; name = "next@1x.png"; path = "Resources/Want Details/next@1x.png"; sourceTree = "<group>"; };
		E91A5A6C1B04C1E6008382E2 /* next@2x.png */ = {isa = PBXFileReference; lastKnownFileType = image.png; name = "next@2x.png"; path = "Resources/Want Details/next@2x.png"; sourceTree = "<group>"; };
		E91A5A6D1B04C1E6008382E2 /* next@3x.png */ = {isa = PBXFileReference; lastKnownFileType = image.png; name = "next@3x.png"; path = "Resources/Want Details/next@3x.png"; sourceTree = "<group>"; };
		E94D17C91AF8B51000E31B01 /* AppDelegate.h */ = {isa = PBXFileReference; fileEncoding = 4; lastKnownFileType = sourcecode.c.h; name = AppDelegate.h; path = Application/AppDelegate.h; sourceTree = "<group>"; };
		E94D17CA1AF8B51000E31B01 /* AppDelegate.m */ = {isa = PBXFileReference; fileEncoding = 4; lastKnownFileType = sourcecode.c.objc; name = AppDelegate.m; path = Application/AppDelegate.m; sourceTree = "<group>"; };
		E94D17D31AF8B66000E31B01 /* main.m */ = {isa = PBXFileReference; fileEncoding = 4; lastKnownFileType = sourcecode.c.objc; name = main.m; path = Application/main.m; sourceTree = "<group>"; };
		E94D17D91AF8B8F800E31B01 /* Info.plist */ = {isa = PBXFileReference; fileEncoding = 4; lastKnownFileType = text.plist.xml; path = Info.plist; sourceTree = "<group>"; };
		E94D17FD1AF9CE8900E31B01 /* browse@1x.png */ = {isa = PBXFileReference; lastKnownFileType = image.png; name = "browse@1x.png"; path = "Resources/Navigation Icons/browse@1x.png"; sourceTree = "<group>"; };
		E94D17FE1AF9CE8900E31B01 /* browse@2x.png */ = {isa = PBXFileReference; lastKnownFileType = image.png; name = "browse@2x.png"; path = "Resources/Navigation Icons/browse@2x.png"; sourceTree = "<group>"; };
		E94D17FF1AF9CE8900E31B01 /* browse@3x.png */ = {isa = PBXFileReference; lastKnownFileType = image.png; name = "browse@3x.png"; path = "Resources/Navigation Icons/browse@3x.png"; sourceTree = "<group>"; };
		E94D18001AF9CE8900E31B01 /* chat@1x.png */ = {isa = PBXFileReference; lastKnownFileType = image.png; name = "chat@1x.png"; path = "Resources/Navigation Icons/chat@1x.png"; sourceTree = "<group>"; };
		E94D18011AF9CE8900E31B01 /* chat@2x.png */ = {isa = PBXFileReference; lastKnownFileType = image.png; name = "chat@2x.png"; path = "Resources/Navigation Icons/chat@2x.png"; sourceTree = "<group>"; };
		E94D18021AF9CE8900E31B01 /* chat@3x.png */ = {isa = PBXFileReference; lastKnownFileType = image.png; name = "chat@3x.png"; path = "Resources/Navigation Icons/chat@3x.png"; sourceTree = "<group>"; };
		E94D18031AF9CE8900E31B01 /* filter@1x.png */ = {isa = PBXFileReference; lastKnownFileType = image.png; name = "filter@1x.png"; path = "Resources/Navigation Icons/filter@1x.png"; sourceTree = "<group>"; };
		E94D18041AF9CE8900E31B01 /* filter@2x.png */ = {isa = PBXFileReference; lastKnownFileType = image.png; name = "filter@2x.png"; path = "Resources/Navigation Icons/filter@2x.png"; sourceTree = "<group>"; };
		E94D18051AF9CE8900E31B01 /* filter@3x.png */ = {isa = PBXFileReference; lastKnownFileType = image.png; name = "filter@3x.png"; path = "Resources/Navigation Icons/filter@3x.png"; sourceTree = "<group>"; };
		E94D18061AF9CE8900E31B01 /* newsfeed@1x.png */ = {isa = PBXFileReference; lastKnownFileType = image.png; name = "newsfeed@1x.png"; path = "Resources/Navigation Icons/newsfeed@1x.png"; sourceTree = "<group>"; };
		E94D18071AF9CE8900E31B01 /* newsfeed@2x.png */ = {isa = PBXFileReference; lastKnownFileType = image.png; name = "newsfeed@2x.png"; path = "Resources/Navigation Icons/newsfeed@2x.png"; sourceTree = "<group>"; };
		E94D18081AF9CE8900E31B01 /* newsfeed@3x.png */ = {isa = PBXFileReference; lastKnownFileType = image.png; name = "newsfeed@3x.png"; path = "Resources/Navigation Icons/newsfeed@3x.png"; sourceTree = "<group>"; };
		E94D18091AF9CE8900E31B01 /* profile@1x.png */ = {isa = PBXFileReference; lastKnownFileType = image.png; name = "profile@1x.png"; path = "Resources/Navigation Icons/profile@1x.png"; sourceTree = "<group>"; };
		E94D180A1AF9CE8900E31B01 /* profile@2x.png */ = {isa = PBXFileReference; lastKnownFileType = image.png; name = "profile@2x.png"; path = "Resources/Navigation Icons/profile@2x.png"; sourceTree = "<group>"; };
		E94D180B1AF9CE8900E31B01 /* profile@3x.png */ = {isa = PBXFileReference; lastKnownFileType = image.png; name = "profile@3x.png"; path = "Resources/Navigation Icons/profile@3x.png"; sourceTree = "<group>"; };
		E94D180C1AF9CE8900E31B01 /* search@1x.png */ = {isa = PBXFileReference; lastKnownFileType = image.png; name = "search@1x.png"; path = "Resources/Navigation Icons/search@1x.png"; sourceTree = "<group>"; };
		E94D180D1AF9CE8900E31B01 /* search@2x.png */ = {isa = PBXFileReference; lastKnownFileType = image.png; name = "search@2x.png"; path = "Resources/Navigation Icons/search@2x.png"; sourceTree = "<group>"; };
		E94D180E1AF9CE8900E31B01 /* search@3x.png */ = {isa = PBXFileReference; lastKnownFileType = image.png; name = "search@3x.png"; path = "Resources/Navigation Icons/search@3x.png"; sourceTree = "<group>"; };
		E94D182E1AF9F18300E31B01 /* newsfeed@1x.png */ = {isa = PBXFileReference; lastKnownFileType = image.png; name = "newsfeed@1x.png"; path = "Resources/Tab Bar Icons/newsfeed@1x.png"; sourceTree = "<group>"; };
		E94D182F1AF9F18300E31B01 /* newsfeed@2x.png */ = {isa = PBXFileReference; lastKnownFileType = image.png; name = "newsfeed@2x.png"; path = "Resources/Tab Bar Icons/newsfeed@2x.png"; sourceTree = "<group>"; };
		E94D18301AF9F18300E31B01 /* newsfeed@3x.png */ = {isa = PBXFileReference; lastKnownFileType = image.png; name = "newsfeed@3x.png"; path = "Resources/Tab Bar Icons/newsfeed@3x.png"; sourceTree = "<group>"; };
		E94D18421AFA032600E31B01 /* WantData.h */ = {isa = PBXFileReference; fileEncoding = 4; lastKnownFileType = sourcecode.c.h; name = WantData.h; path = Models/WantData.h; sourceTree = "<group>"; };
		E94D18431AFA032600E31B01 /* WantData.m */ = {isa = PBXFileReference; fileEncoding = 4; lastKnownFileType = sourcecode.c.objc; name = WantData.m; path = Models/WantData.m; sourceTree = "<group>"; };
		E955743B1AF86D2600F0B230 /* whunted.app */ = {isa = PBXFileReference; explicitFileType = wrapper.application; includeInIndex = 0; path = whunted.app; sourceTree = BUILT_PRODUCTS_DIR; };
		E955744B1AF86D2600F0B230 /* Images.xcassets */ = {isa = PBXFileReference; lastKnownFileType = folder.assetcatalog; path = Images.xcassets; sourceTree = "<group>"; };
		E955744E1AF86D2600F0B230 /* Base */ = {isa = PBXFileReference; lastKnownFileType = file.xib; name = Base; path = Base.lproj/LaunchScreen.xib; sourceTree = "<group>"; };
		E95574541AF86D2600F0B230 /* whuntedTests.xctest */ = {isa = PBXFileReference; explicitFileType = wrapper.cfbundle; includeInIndex = 0; path = whuntedTests.xctest; sourceTree = BUILT_PRODUCTS_DIR; };
		E95574591AF86D2600F0B230 /* Info.plist */ = {isa = PBXFileReference; lastKnownFileType = text.plist.xml; path = Info.plist; sourceTree = "<group>"; };
		E955745A1AF86D2600F0B230 /* whuntedTests.m */ = {isa = PBXFileReference; lastKnownFileType = sourcecode.c.objc; path = whuntedTests.m; sourceTree = "<group>"; };
		E95CFA4E1B141E3C003755E3 /* LoginSignupViewController.h */ = {isa = PBXFileReference; fileEncoding = 4; lastKnownFileType = sourcecode.c.h; name = LoginSignupViewController.h; path = Controllers/LoginSignup/LoginSignupViewController.h; sourceTree = "<group>"; };
		E95CFA4F1B141E3C003755E3 /* LoginSignupViewController.m */ = {isa = PBXFileReference; fileEncoding = 4; lastKnownFileType = sourcecode.c.objc; name = LoginSignupViewController.m; path = Controllers/LoginSignup/LoginSignupViewController.m; sourceTree = "<group>"; };
		E95CFA521B141EDE003755E3 /* facebook_login_button@1x.png */ = {isa = PBXFileReference; lastKnownFileType = image.png; name = "facebook_login_button@1x.png"; path = "Resources/LoginSignup/facebook_login_button@1x.png"; sourceTree = "<group>"; };
		E95CFA531B141EDE003755E3 /* facebook_login_button@2x.png */ = {isa = PBXFileReference; lastKnownFileType = image.png; name = "facebook_login_button@2x.png"; path = "Resources/LoginSignup/facebook_login_button@2x.png"; sourceTree = "<group>"; };
		E95CFA541B141EDE003755E3 /* facebook_login_button@3x.png */ = {isa = PBXFileReference; lastKnownFileType = image.png; name = "facebook_login_button@3x.png"; path = "Resources/LoginSignup/facebook_login_button@3x.png"; sourceTree = "<group>"; };
		E963614A1B16C7F000EB9D35 /* marketplace@1x.png */ = {isa = PBXFileReference; lastKnownFileType = image.png; name = "marketplace@1x.png"; path = "Resources/Tab Bar Icons/marketplace@1x.png"; sourceTree = "<group>"; };
		E963614B1B16C7F000EB9D35 /* marketplace@2x.png */ = {isa = PBXFileReference; lastKnownFileType = image.png; name = "marketplace@2x.png"; path = "Resources/Tab Bar Icons/marketplace@2x.png"; sourceTree = "<group>"; };
		E963614C1B16C7F000EB9D35 /* marketplace@3x.png */ = {isa = PBXFileReference; lastKnownFileType = image.png; name = "marketplace@3x.png"; path = "Resources/Tab Bar Icons/marketplace@3x.png"; sourceTree = "<group>"; };
		E96361501B1815D400EB9D35 /* WantTableViewCell.h */ = {isa = PBXFileReference; fileEncoding = 4; lastKnownFileType = sourcecode.c.h; name = WantTableViewCell.h; path = Controllers/WantSell/MyWantTableViewCell/WantTableViewCell.h; sourceTree = "<group>"; };
		E96361511B1815D400EB9D35 /* WantTableViewCell.m */ = {isa = PBXFileReference; fileEncoding = 4; lastKnownFileType = sourcecode.c.objc; name = WantTableViewCell.m; path = Controllers/WantSell/MyWantTableViewCell/WantTableViewCell.m; sourceTree = "<group>"; };
		E97CE4891B07745A0027C5FA /* squareplus@1x.png */ = {isa = PBXFileReference; lastKnownFileType = image.png; name = "squareplus@1x.png"; path = "Resources/Want Details/squareplus@1x.png"; sourceTree = "<group>"; };
		E97CE48B1B07745A0027C5FA /* squareplus@3x.png */ = {isa = PBXFileReference; lastKnownFileType = image.png; name = "squareplus@3x.png"; path = "Resources/Want Details/squareplus@3x.png"; sourceTree = "<group>"; };
		E97CE48F1B07876C0027C5FA /* squareplus@2x.png */ = {isa = PBXFileReference; lastKnownFileType = image.png; name = "squareplus@2x.png"; path = "Resources/Want Details/squareplus@2x.png"; sourceTree = "<group>"; };
		E97CE4921B0933EE0027C5FA /* CategoryTableViewController.h */ = {isa = PBXFileReference; fileEncoding = 4; lastKnownFileType = sourcecode.c.h; name = CategoryTableViewController.h; path = Controllers/Upload/CategoryTable/CategoryTableViewController.h; sourceTree = "<group>"; };
		E97CE4931B0933EE0027C5FA /* CategoryTableViewController.m */ = {isa = PBXFileReference; fileEncoding = 4; lastKnownFileType = sourcecode.c.objc; name = CategoryTableViewController.m; path = Controllers/Upload/CategoryTable/CategoryTableViewController.m; sourceTree = "<group>"; };
		E97CE4961B09BEFF0027C5FA /* LocationTableViewController.h */ = {isa = PBXFileReference; fileEncoding = 4; lastKnownFileType = sourcecode.c.h; name = LocationTableViewController.h; path = Controllers/Upload/LocationTable/LocationTableViewController.h; sourceTree = "<group>"; };
		E97CE4971B09BEFF0027C5FA /* LocationTableViewController.m */ = {isa = PBXFileReference; fileEncoding = 4; lastKnownFileType = sourcecode.c.objc; name = LocationTableViewController.m; path = Controllers/Upload/LocationTable/LocationTableViewController.m; sourceTree = "<group>"; };
		E97CE49A1B09C84A0027C5FA /* ItemInfoTableViewController.h */ = {isa = PBXFileReference; fileEncoding = 4; lastKnownFileType = sourcecode.c.h; name = ItemInfoTableViewController.h; path = Controllers/Upload/ItemInfoTable/ItemInfoTableViewController.h; sourceTree = "<group>"; };
		E97CE49B1B09C84A0027C5FA /* ItemInfoTableViewController.m */ = {isa = PBXFileReference; fileEncoding = 4; lastKnownFileType = sourcecode.c.objc; name = ItemInfoTableViewController.m; path = Controllers/Upload/ItemInfoTable/ItemInfoTableViewController.m; sourceTree = "<group>"; };
		E97CE49F1B09ECC90027C5FA /* WantDetailsViewController.h */ = {isa = PBXFileReference; fileEncoding = 4; lastKnownFileType = sourcecode.c.h; name = WantDetailsViewController.h; path = Controllers/Upload/WantDetailsVC/WantDetailsViewController.h; sourceTree = "<group>"; };
		E97CE4A01B09ECC90027C5FA /* WantDetailsViewController.m */ = {isa = PBXFileReference; fileEncoding = 4; lastKnownFileType = sourcecode.c.objc; name = WantDetailsViewController.m; path = Controllers/Upload/WantDetailsVC/WantDetailsViewController.m; sourceTree = "<group>"; };
		E97CE4A91B09EF230027C5FA /* NewsFeedViewController.h */ = {isa = PBXFileReference; fileEncoding = 4; lastKnownFileType = sourcecode.c.h; name = NewsFeedViewController.h; path = Controllers/NewsFeed/NewsFeedVC/NewsFeedViewController.h; sourceTree = "<group>"; };
		E97CE4AA1B09EF230027C5FA /* NewsFeedViewController.m */ = {isa = PBXFileReference; fileEncoding = 4; lastKnownFileType = sourcecode.c.objc; name = NewsFeedViewController.m; path = Controllers/NewsFeed/NewsFeedVC/NewsFeedViewController.m; sourceTree = "<group>"; };
		E97CE4AB1B09EF230027C5FA /* NewsFeedViewController.xib */ = {isa = PBXFileReference; fileEncoding = 4; lastKnownFileType = file.xib; name = NewsFeedViewController.xib; path = Controllers/NewsFeed/NewsFeedVC/NewsFeedViewController.xib; sourceTree = "<group>"; };
		E97CE4AE1B09EF330027C5FA /* NewsFeedTableViewCell.h */ = {isa = PBXFileReference; fileEncoding = 4; lastKnownFileType = sourcecode.c.h; name = NewsFeedTableViewCell.h; path = Controllers/NewsFeed/NewsFeedTableViewCell/NewsFeedTableViewCell.h; sourceTree = "<group>"; };
		E97CE4AF1B09EF330027C5FA /* NewsFeedTableViewCell.m */ = {isa = PBXFileReference; fileEncoding = 4; lastKnownFileType = sourcecode.c.objc; name = NewsFeedTableViewCell.m; path = Controllers/NewsFeed/NewsFeedTableViewCell/NewsFeedTableViewCell.m; sourceTree = "<group>"; };
		E97CE4B01B09EF330027C5FA /* NewsFeedTableViewCell.xib */ = {isa = PBXFileReference; fileEncoding = 4; lastKnownFileType = file.xib; name = NewsFeedTableViewCell.xib; path = Controllers/NewsFeed/NewsFeedTableViewCell/NewsFeedTableViewCell.xib; sourceTree = "<group>"; };
		E97CE4B31B0A076B0027C5FA /* ImageGetterViewController.h */ = {isa = PBXFileReference; fileEncoding = 4; lastKnownFileType = sourcecode.c.h; name = ImageGetterViewController.h; path = Controllers/Upload/ImageGetterVC/ImageGetterViewController.h; sourceTree = "<group>"; };
		E97CE4B41B0A076B0027C5FA /* ImageGetterViewController.m */ = {isa = PBXFileReference; fileEncoding = 4; lastKnownFileType = sourcecode.c.objc; name = ImageGetterViewController.m; path = Controllers/Upload/ImageGetterVC/ImageGetterViewController.m; sourceTree = "<group>"; };
		E97CE4B51B0A076B0027C5FA /* ImageGetterViewController.xib */ = {isa = PBXFileReference; fileEncoding = 4; lastKnownFileType = file.xib; name = ImageGetterViewController.xib; path = Controllers/Upload/ImageGetterVC/ImageGetterViewController.xib; sourceTree = "<group>"; };
		E9B8006E1B144376006D9133 /* Bolts.framework */ = {isa = PBXFileReference; lastKnownFileType = wrapper.framework; name = Bolts.framework; path = "whunted/Library/Parse-library-1.7.4/Bolts.framework"; sourceTree = "<group>"; };
		E9B8006F1B144376006D9133 /* Parse.framework */ = {isa = PBXFileReference; lastKnownFileType = wrapper.framework; name = Parse.framework; path = "whunted/Library/Parse-library-1.7.4/Parse.framework"; sourceTree = "<group>"; };
		E9B800721B1443B5006D9133 /* libsqlite3.dylib */ = {isa = PBXFileReference; lastKnownFileType = "compiled.mach-o.dylib"; name = libsqlite3.dylib; path = usr/lib/libsqlite3.dylib; sourceTree = SDKROOT; };
		E9B800741B1443D8006D9133 /* Accounts.framework */ = {isa = PBXFileReference; lastKnownFileType = wrapper.framework; name = Accounts.framework; path = System/Library/Frameworks/Accounts.framework; sourceTree = SDKROOT; };
		E9B800761B1443E3006D9133 /* AudioToolbox.framework */ = {isa = PBXFileReference; lastKnownFileType = wrapper.framework; name = AudioToolbox.framework; path = System/Library/Frameworks/AudioToolbox.framework; sourceTree = SDKROOT; };
		E9B800781B144412006D9133 /* CoreLocation.framework */ = {isa = PBXFileReference; lastKnownFileType = wrapper.framework; name = CoreLocation.framework; path = System/Library/Frameworks/CoreLocation.framework; sourceTree = SDKROOT; };
		E9B8007A1B144431006D9133 /* CFNetwork.framework */ = {isa = PBXFileReference; lastKnownFileType = wrapper.framework; name = CFNetwork.framework; path = System/Library/Frameworks/CFNetwork.framework; sourceTree = SDKROOT; };
		E9B8007C1B144447006D9133 /* Foundation.framework */ = {isa = PBXFileReference; lastKnownFileType = wrapper.framework; name = Foundation.framework; path = System/Library/Frameworks/Foundation.framework; sourceTree = SDKROOT; };
		E9B8007E1B14445B006D9133 /* Social.framework */ = {isa = PBXFileReference; lastKnownFileType = wrapper.framework; name = Social.framework; path = System/Library/Frameworks/Social.framework; sourceTree = SDKROOT; };
		E9B800801B144470006D9133 /* CoreGraphics.framework */ = {isa = PBXFileReference; lastKnownFileType = wrapper.framework; name = CoreGraphics.framework; path = System/Library/Frameworks/CoreGraphics.framework; sourceTree = SDKROOT; };
		E9B800821B14447B006D9133 /* AdSupport.framework */ = {isa = PBXFileReference; lastKnownFileType = wrapper.framework; name = AdSupport.framework; path = System/Library/Frameworks/AdSupport.framework; sourceTree = SDKROOT; };
		E9B800841B1444B3006D9133 /* MobileCoreServices.framework */ = {isa = PBXFileReference; lastKnownFileType = wrapper.framework; name = MobileCoreServices.framework; path = System/Library/Frameworks/MobileCoreServices.framework; sourceTree = SDKROOT; };
		E9B800861B1444BB006D9133 /* QuartzCore.framework */ = {isa = PBXFileReference; lastKnownFileType = wrapper.framework; name = QuartzCore.framework; path = System/Library/Frameworks/QuartzCore.framework; sourceTree = SDKROOT; };
		E9B800881B1444C7006D9133 /* Security.framework */ = {isa = PBXFileReference; lastKnownFileType = wrapper.framework; name = Security.framework; path = System/Library/Frameworks/Security.framework; sourceTree = SDKROOT; };
		E9B8008A1B1444D1006D9133 /* StoreKit.framework */ = {isa = PBXFileReference; lastKnownFileType = wrapper.framework; name = StoreKit.framework; path = System/Library/Frameworks/StoreKit.framework; sourceTree = SDKROOT; };
		E9B8008C1B1444DE006D9133 /* SystemConfiguration.framework */ = {isa = PBXFileReference; lastKnownFileType = wrapper.framework; name = SystemConfiguration.framework; path = System/Library/Frameworks/SystemConfiguration.framework; sourceTree = SDKROOT; };
		E9B8008E1B1444F2006D9133 /* libz.dylib */ = {isa = PBXFileReference; lastKnownFileType = "compiled.mach-o.dylib"; name = libz.dylib; path = usr/lib/libz.dylib; sourceTree = SDKROOT; };
		E9B800911B144527006D9133 /* FBSDKCoreKit.framework */ = {isa = PBXFileReference; lastKnownFileType = wrapper.framework; name = FBSDKCoreKit.framework; path = "whunted/Library/Facebook SDK/FBSDKCoreKit.framework"; sourceTree = "<group>"; };
		E9B800921B144527006D9133 /* FBSDKLoginKit.framework */ = {isa = PBXFileReference; lastKnownFileType = wrapper.framework; name = FBSDKLoginKit.framework; path = "whunted/Library/Facebook SDK/FBSDKLoginKit.framework"; sourceTree = "<group>"; };
		E9B800931B144527006D9133 /* FBSDKShareKit.framework */ = {isa = PBXFileReference; lastKnownFileType = wrapper.framework; name = FBSDKShareKit.framework; path = "whunted/Library/Facebook SDK/FBSDKShareKit.framework"; sourceTree = "<group>"; };
		E9B800971B14458B006D9133 /* ParseFacebookUtilsV4.framework */ = {isa = PBXFileReference; lastKnownFileType = wrapper.framework; name = ParseFacebookUtilsV4.framework; path = "whunted/Library/Parse-library-1.7.4/ParseFacebookUtilsV4.framework"; sourceTree = "<group>"; };
		E9B800991B145481006D9133 /* background_image.jpg */ = {isa = PBXFileReference; lastKnownFileType = image.jpeg; name = background_image.jpg; path = Resources/LoginSignup/background_image.jpg; sourceTree = "<group>"; };
		E9B800A01B16B5BC006D9133 /* app_icon@1x.png */ = {isa = PBXFileReference; lastKnownFileType = image.png; name = "app_icon@1x.png"; path = "Resources/App Icons/App Icon/app_icon@1x.png"; sourceTree = "<group>"; };
		E9B800A11B16B5BC006D9133 /* app_icon@2x.png */ = {isa = PBXFileReference; lastKnownFileType = image.png; name = "app_icon@2x.png"; path = "Resources/App Icons/App Icon/app_icon@2x.png"; sourceTree = "<group>"; };
		E9B800A21B16B5BC006D9133 /* app_icon@3x.png */ = {isa = PBXFileReference; lastKnownFileType = image.png; name = "app_icon@3x.png"; path = "Resources/App Icons/App Icon/app_icon@3x.png"; sourceTree = "<group>"; };
		E9D9C5091B1C012000222E0C /* MarketplaceViewController.h */ = {isa = PBXFileReference; fileEncoding = 4; lastKnownFileType = sourcecode.c.h; name = MarketplaceViewController.h; path = Controllers/Marketplace/MarketplaceVC/MarketplaceViewController.h; sourceTree = "<group>"; };
		E9D9C50A1B1C012000222E0C /* MarketplaceViewController.m */ = {isa = PBXFileReference; fileEncoding = 4; lastKnownFileType = sourcecode.c.objc; name = MarketplaceViewController.m; path = Controllers/Marketplace/MarketplaceVC/MarketplaceViewController.m; sourceTree = "<group>"; };
		E9D9C50D1B1C059D00222E0C /* MarketplaceCollectionViewCell.h */ = {isa = PBXFileReference; fileEncoding = 4; lastKnownFileType = sourcecode.c.h; name = MarketplaceCollectionViewCell.h; path = Controllers/Marketplace/MarketplaceCollectionViewCell/MarketplaceCollectionViewCell.h; sourceTree = "<group>"; };
		E9D9C50E1B1C059D00222E0C /* MarketplaceCollectionViewCell.m */ = {isa = PBXFileReference; fileEncoding = 4; lastKnownFileType = sourcecode.c.objc; name = MarketplaceCollectionViewCell.m; path = Controllers/Marketplace/MarketplaceCollectionViewCell/MarketplaceCollectionViewCell.m; sourceTree = "<group>"; };
		E9E4565D1B0D863200E8B55D /* MyWantViewController.h */ = {isa = PBXFileReference; fileEncoding = 4; lastKnownFileType = sourcecode.c.h; name = MyWantViewController.h; path = Controllers/WantSell/MyWantVC/MyWantViewController.h; sourceTree = "<group>"; };
		E9E4565E1B0D863200E8B55D /* MyWantViewController.m */ = {isa = PBXFileReference; fileEncoding = 4; lastKnownFileType = sourcecode.c.objc; name = MyWantViewController.m; path = Controllers/WantSell/MyWantVC/MyWantViewController.m; sourceTree = "<group>"; };
		E9E456621B0D866F00E8B55D /* MySellViewController.h */ = {isa = PBXFileReference; fileEncoding = 4; lastKnownFileType = sourcecode.c.h; name = MySellViewController.h; path = Controllers/WantSell/MySellVC/MySellViewController.h; sourceTree = "<group>"; };
		E9E456631B0D866F00E8B55D /* MySellViewController.m */ = {isa = PBXFileReference; fileEncoding = 4; lastKnownFileType = sourcecode.c.objc; name = MySellViewController.m; path = Controllers/WantSell/MySellVC/MySellViewController.m; sourceTree = "<group>"; };
		E9E456671B0D8C7400E8B55D /* sell_icon@1x.png */ = {isa = PBXFileReference; lastKnownFileType = image.png; name = "sell_icon@1x.png"; path = "Resources/Tab Bar Icons/sell_icon@1x.png"; sourceTree = "<group>"; };
		E9E456681B0D8C7400E8B55D /* sell_icon@2x.png */ = {isa = PBXFileReference; lastKnownFileType = image.png; name = "sell_icon@2x.png"; path = "Resources/Tab Bar Icons/sell_icon@2x.png"; sourceTree = "<group>"; };
		E9E456691B0D8C7400E8B55D /* sell_icon@3x.png */ = {isa = PBXFileReference; lastKnownFileType = image.png; name = "sell_icon@3x.png"; path = "Resources/Tab Bar Icons/sell_icon@3x.png"; sourceTree = "<group>"; };
		E9E4566A1B0D8C7400E8B55D /* want_icon@1x.png */ = {isa = PBXFileReference; lastKnownFileType = image.png; name = "want_icon@1x.png"; path = "Resources/Tab Bar Icons/want_icon@1x.png"; sourceTree = "<group>"; };
		E9E4566B1B0D8C7400E8B55D /* want_icon@2x.png */ = {isa = PBXFileReference; lastKnownFileType = image.png; name = "want_icon@2x.png"; path = "Resources/Tab Bar Icons/want_icon@2x.png"; sourceTree = "<group>"; };
		E9E4566C1B0D8C7400E8B55D /* want_icon@3x.png */ = {isa = PBXFileReference; lastKnownFileType = image.png; name = "want_icon@3x.png"; path = "Resources/Tab Bar Icons/want_icon@3x.png"; sourceTree = "<group>"; };
		E9E456831B0DE8E100E8B55D /* HorizontalLineViewController.xib */ = {isa = PBXFileReference; fileEncoding = 4; lastKnownFileType = file.xib; name = HorizontalLineViewController.xib; path = Controllers/WantSell/CustomVC/HorizontalLineViewController.xib; sourceTree = "<group>"; };
		E9E456851B0DE92300E8B55D /* HorizontalLineViewController.h */ = {isa = PBXFileReference; fileEncoding = 4; lastKnownFileType = sourcecode.c.h; name = HorizontalLineViewController.h; path = Controllers/WantSell/CustomVC/HorizontalLineViewController.h; sourceTree = "<group>"; };
		E9E456861B0DE92300E8B55D /* HorizontalLineViewController.m */ = {isa = PBXFileReference; fileEncoding = 4; lastKnownFileType = sourcecode.c.objc; name = HorizontalLineViewController.m; path = Controllers/WantSell/CustomVC/HorizontalLineViewController.m; sourceTree = "<group>"; };
		E9E4568F1B0F0DA500E8B55D /* likes_icon.png */ = {isa = PBXFileReference; lastKnownFileType = image.png; name = likes_icon.png; path = Resources/WantSellCell/likes_icon.png; sourceTree = "<group>"; };
		E9E456901B0F0DA500E8B55D /* view_icon.png */ = {isa = PBXFileReference; lastKnownFileType = image.png; name = view_icon.png; path = Resources/WantSellCell/view_icon.png; sourceTree = "<group>"; };
		E9E456931B0F20CE00E8B55D /* promote_icon.png */ = {isa = PBXFileReference; lastKnownFileType = image.png; name = promote_icon.png; path = Resources/WantSellCell/promote_icon.png; sourceTree = "<group>"; };
		E9E456951B0F25E400E8B55D /* sellers_icon.png */ = {isa = PBXFileReference; lastKnownFileType = image.png; name = sellers_icon.png; path = Resources/WantSellCell/sellers_icon.png; sourceTree = "<group>"; };
		E9E456D01B0F3B6B00E8B55D /* WantImageViewController.h */ = {isa = PBXFileReference; fileEncoding = 4; lastKnownFileType = sourcecode.c.h; name = WantImageViewController.h; path = Controllers/WantSell/WantImageVC/WantImageViewController.h; sourceTree = "<group>"; };
		E9E456D11B0F3B6B00E8B55D /* WantImageViewController.m */ = {isa = PBXFileReference; fileEncoding = 4; lastKnownFileType = sourcecode.c.objc; name = WantImageViewController.m; path = Controllers/WantSell/WantImageVC/WantImageViewController.m; sourceTree = "<group>"; };
		EF75C2A99F4BA89B058BEE11 /* Pods.release.xcconfig */ = {isa = PBXFileReference; includeInIndex = 1; lastKnownFileType = text.xcconfig; name = Pods.release.xcconfig; path = "Pods/Target Support Files/Pods/Pods.release.xcconfig"; sourceTree = "<group>"; };
/* End PBXFileReference section */

/* Begin PBXFrameworksBuildPhase section */
		E95574381AF86D2600F0B230 /* Frameworks */ = {
			isa = PBXFrameworksBuildPhase;
			buildActionMask = 2147483647;
			files = (
				E9B8008F1B1444F2006D9133 /* libz.dylib in Frameworks */,
				E9B8008D1B1444DE006D9133 /* SystemConfiguration.framework in Frameworks */,
				E9B800951B144527006D9133 /* FBSDKLoginKit.framework in Frameworks */,
				E9B8008B1B1444D1006D9133 /* StoreKit.framework in Frameworks */,
				E9B800891B1444C7006D9133 /* Security.framework in Frameworks */,
				E9B800871B1444BB006D9133 /* QuartzCore.framework in Frameworks */,
				E9B800851B1444B3006D9133 /* MobileCoreServices.framework in Frameworks */,
				E9B800831B14447B006D9133 /* AdSupport.framework in Frameworks */,
				E9B800811B144470006D9133 /* CoreGraphics.framework in Frameworks */,
				E9B800941B144527006D9133 /* FBSDKCoreKit.framework in Frameworks */,
				E9B800981B14458B006D9133 /* ParseFacebookUtilsV4.framework in Frameworks */,
				E9B8007F1B14445B006D9133 /* Social.framework in Frameworks */,
				E9B8007D1B144447006D9133 /* Foundation.framework in Frameworks */,
				E9B8007B1B144431006D9133 /* CFNetwork.framework in Frameworks */,
				E9B800791B144412006D9133 /* CoreLocation.framework in Frameworks */,
				E9B800771B1443E3006D9133 /* AudioToolbox.framework in Frameworks */,
				E9B800751B1443D8006D9133 /* Accounts.framework in Frameworks */,
				E9B800731B1443B5006D9133 /* libsqlite3.dylib in Frameworks */,
				E9B800961B144527006D9133 /* FBSDKShareKit.framework in Frameworks */,
				64AE23510F482E5A1A10D7E5 /* libPods.a in Frameworks */,
				E9B800711B144376006D9133 /* Parse.framework in Frameworks */,
				E9B800701B144376006D9133 /* Bolts.framework in Frameworks */,
			);
			runOnlyForDeploymentPostprocessing = 0;
		};
		E95574511AF86D2600F0B230 /* Frameworks */ = {
			isa = PBXFrameworksBuildPhase;
			buildActionMask = 2147483647;
			files = (
			);
			runOnlyForDeploymentPostprocessing = 0;
		};
/* End PBXFrameworksBuildPhase section */

/* Begin PBXGroup section */
		6FB553A10BCC9D1C8BA1C3B1 /* Frameworks */ = {
			isa = PBXGroup;
			children = (
				E9B8008E1B1444F2006D9133 /* libz.dylib */,
				E9B8008C1B1444DE006D9133 /* SystemConfiguration.framework */,
				E9B8008A1B1444D1006D9133 /* StoreKit.framework */,
				E9B800881B1444C7006D9133 /* Security.framework */,
				E9B800861B1444BB006D9133 /* QuartzCore.framework */,
				E9B800841B1444B3006D9133 /* MobileCoreServices.framework */,
				E9B800821B14447B006D9133 /* AdSupport.framework */,
				E9B800801B144470006D9133 /* CoreGraphics.framework */,
				E9B8007E1B14445B006D9133 /* Social.framework */,
				E9B8007C1B144447006D9133 /* Foundation.framework */,
				E9B8007A1B144431006D9133 /* CFNetwork.framework */,
				E9B800781B144412006D9133 /* CoreLocation.framework */,
				E9B800761B1443E3006D9133 /* AudioToolbox.framework */,
				E9B800741B1443D8006D9133 /* Accounts.framework */,
				E9B800721B1443B5006D9133 /* libsqlite3.dylib */,
				E95CFA4C1B133FD5003755E3 /* Parse SDK */,
				E95CFA4B1B133FB6003755E3 /* Facebook SDK */,
				A02F6CD541644ABF1CD6C53B /* libPods.a */,
			);
			name = Frameworks;
			sourceTree = "<group>";
		};
		D326FF1EB1CB99B6020807AD /* Pods */ = {
			isa = PBXGroup;
			children = (
				531206C37018F83BCB102C23 /* Pods.debug.xcconfig */,
				EF75C2A99F4BA89B058BEE11 /* Pods.release.xcconfig */,
			);
			name = Pods;
			sourceTree = "<group>";
		};
		E916F4421B00A95F005055E3 /* Main Controller */ = {
			isa = PBXGroup;
			children = (
				E916F4431B00A9ED005055E3 /* MainViewController.h */,
				E916F4441B00A9ED005055E3 /* MainViewController.m */,
			);
			name = "Main Controller";
			sourceTree = "<group>";
		};
		E916F4461B00AEE1005055E3 /* Utilities */ = {
			isa = PBXGroup;
			children = (
				E916F46C1B033BDE005055E3 /* Utilities.h */,
				E916F46D1B033BDE005055E3 /* Utilities.m */,
			);
			name = Utilities;
			sourceTree = "<group>";
		};
		E916F44B1B00B8F5005055E3 /* GenericControllers */ = {
			isa = PBXGroup;
			children = (
				E916F44C1B00B978005055E3 /* GenericController.h */,
				E916F44D1B00B978005055E3 /* GenericController.m */,
			);
			name = GenericControllers;
			sourceTree = "<group>";
		};
		E916F4511B01AAAD005055E3 /* Upload */ = {
			isa = PBXGroup;
			children = (
				E97CE49D1B09ECA00027C5FA /* ImageGetterVC */,
				E97CE49E1B09ECAE0027C5FA /* WantDetailsVC */,
				E97CE4991B09C7730027C5FA /* ItemInfoTable */,
				E97CE4951B09BED20027C5FA /* LocationTable */,
				E97CE4911B09334A0027C5FA /* CategoryTable */,
			);
			name = Upload;
			sourceTree = "<group>";
		};
		E916F45D1B02F604005055E3 /* Library */ = {
			isa = PBXGroup;
			children = (
				E916F4461B00AEE1005055E3 /* Utilities */,
				E916F45E1B02F615005055E3 /* KLCPopup */,
			);
			name = Library;
			sourceTree = "<group>";
		};
		E916F45E1B02F615005055E3 /* KLCPopup */ = {
			isa = PBXGroup;
			children = (
				E916F45F1B02F62C005055E3 /* KLCPopup.h */,
				E916F4601B02F62C005055E3 /* KLCPopup.m */,
			);
			name = KLCPopup;
			sourceTree = "<group>";
		};
		E91A5A581B0484CA008382E2 /* Want Details */ = {
			isa = PBXGroup;
			children = (
				E97CE4891B07745A0027C5FA /* squareplus@1x.png */,
				E97CE48F1B07876C0027C5FA /* squareplus@2x.png */,
				E97CE48B1B07745A0027C5FA /* squareplus@3x.png */,
				E91A5A6B1B04C1E6008382E2 /* next@1x.png */,
				E91A5A6C1B04C1E6008382E2 /* next@2x.png */,
				E91A5A6D1B04C1E6008382E2 /* next@3x.png */,
				E91A5A651B049A2D008382E2 /* square_dashed@1x.png */,
				E91A5A661B049A2D008382E2 /* square_dashed@2x.png */,
				E91A5A671B049A2D008382E2 /* square_dashed@3x.png */,
				E91A5A5F1B048590008382E2 /* cameraplus@1x.png */,
				E91A5A601B048590008382E2 /* cameraplus@2x.png */,
				E91A5A611B048590008382E2 /* cameraplus@3x.png */,
			);
			name = "Want Details";
			sourceTree = "<group>";
		};
		E94D17C81AF8B4FD00E31B01 /* Application */ = {
			isa = PBXGroup;
			children = (
				E94D17C91AF8B51000E31B01 /* AppDelegate.h */,
				E94D17CA1AF8B51000E31B01 /* AppDelegate.m */,
				E94D17D31AF8B66000E31B01 /* main.m */,
			);
			name = Application;
			sourceTree = "<group>";
		};
		E94D17CC1AF8B55800E31B01 /* Controllers */ = {
			isa = PBXGroup;
			children = (
				E9D9C5071B1BFFCE00222E0C /* Marketplace */,
				E95CFA4D1B141E0B003755E3 /* LoginSignup */,
				E916F4421B00A95F005055E3 /* Main Controller */,
				E916F44B1B00B8F5005055E3 /* GenericControllers */,
				E94D17EA1AF9B28700E31B01 /* WantSell */,
				E94D17CD1AF8B56400E31B01 /* NewsFeed */,
				E916F4511B01AAAD005055E3 /* Upload */,
			);
			name = Controllers;
			sourceTree = "<group>";
		};
		E94D17CD1AF8B56400E31B01 /* NewsFeed */ = {
			isa = PBXGroup;
			children = (
				E97CE4A81B09EF070027C5FA /* NewsFeedVC */,
				E97CE4A71B09EEF10027C5FA /* NewsFeedTableViewCell */,
			);
			name = NewsFeed;
			sourceTree = "<group>";
		};
		E94D17D51AF8B68600E31B01 /* Resources */ = {
			isa = PBXGroup;
			children = (
				E95CFA511B141ED0003755E3 /* LoginSignup */,
				E9E4568E1B0F0D9300E8B55D /* WantSellCell */,
				E91A5A581B0484CA008382E2 /* Want Details */,
				E94D182A1AF9F16800E31B01 /* Tab Bar Icons */,
				E94D18211AF9CFB400E31B01 /* App Icons */,
				E94D17DB1AF8C0C400E31B01 /* Navigation Icons */,
			);
			name = Resources;
			sourceTree = "<group>";
		};
		E94D17DB1AF8C0C400E31B01 /* Navigation Icons */ = {
			isa = PBXGroup;
			children = (
				E94D17FD1AF9CE8900E31B01 /* browse@1x.png */,
				E94D17FE1AF9CE8900E31B01 /* browse@2x.png */,
				E94D17FF1AF9CE8900E31B01 /* browse@3x.png */,
				E94D18001AF9CE8900E31B01 /* chat@1x.png */,
				E94D18011AF9CE8900E31B01 /* chat@2x.png */,
				E94D18021AF9CE8900E31B01 /* chat@3x.png */,
				E94D18031AF9CE8900E31B01 /* filter@1x.png */,
				E94D18041AF9CE8900E31B01 /* filter@2x.png */,
				E94D18051AF9CE8900E31B01 /* filter@3x.png */,
				E94D18061AF9CE8900E31B01 /* newsfeed@1x.png */,
				E94D18071AF9CE8900E31B01 /* newsfeed@2x.png */,
				E94D18081AF9CE8900E31B01 /* newsfeed@3x.png */,
				E94D18091AF9CE8900E31B01 /* profile@1x.png */,
				E94D180A1AF9CE8900E31B01 /* profile@2x.png */,
				E94D180B1AF9CE8900E31B01 /* profile@3x.png */,
				E94D180C1AF9CE8900E31B01 /* search@1x.png */,
				E94D180D1AF9CE8900E31B01 /* search@2x.png */,
				E94D180E1AF9CE8900E31B01 /* search@3x.png */,
			);
			name = "Navigation Icons";
			sourceTree = "<group>";
		};
		E94D17EA1AF9B28700E31B01 /* WantSell */ = {
			isa = PBXGroup;
			children = (
				E9E456CF1B0F3A7200E8B55D /* WantImageVC */,
				E9E4567D1B0DDC9500E8B55D /* CustomVC */,
				E9E456561B0D84E200E8B55D /* MySellVC */,
				E9E456551B0D84D800E8B55D /* MyWantVC */,
				E9E456881B0F095000E8B55D /* MyWantTableViewCell */,
			);
			name = WantSell;
			sourceTree = "<group>";
		};
		E94D18211AF9CFB400E31B01 /* App Icons */ = {
			isa = PBXGroup;
			children = (
				E9B800A01B16B5BC006D9133 /* app_icon@1x.png */,
				E9B800A11B16B5BC006D9133 /* app_icon@2x.png */,
				E9B800A21B16B5BC006D9133 /* app_icon@3x.png */,
			);
			name = "App Icons";
			sourceTree = "<group>";
		};
		E94D182A1AF9F16800E31B01 /* Tab Bar Icons */ = {
			isa = PBXGroup;
			children = (
				E963614A1B16C7F000EB9D35 /* marketplace@1x.png */,
				E963614B1B16C7F000EB9D35 /* marketplace@2x.png */,
				E963614C1B16C7F000EB9D35 /* marketplace@3x.png */,
				E9E456671B0D8C7400E8B55D /* sell_icon@1x.png */,
				E9E456681B0D8C7400E8B55D /* sell_icon@2x.png */,
				E9E456691B0D8C7400E8B55D /* sell_icon@3x.png */,
				E9E4566A1B0D8C7400E8B55D /* want_icon@1x.png */,
				E9E4566B1B0D8C7400E8B55D /* want_icon@2x.png */,
				E9E4566C1B0D8C7400E8B55D /* want_icon@3x.png */,
				E916F4571B01EC57005055E3 /* camera@1x.png */,
				E916F4581B01EC57005055E3 /* camera@2x.png */,
				E916F4591B01EC57005055E3 /* camera@3x.png */,
				E94D182E1AF9F18300E31B01 /* newsfeed@1x.png */,
				E94D182F1AF9F18300E31B01 /* newsfeed@2x.png */,
				E94D18301AF9F18300E31B01 /* newsfeed@3x.png */,
			);
			name = "Tab Bar Icons";
			sourceTree = "<group>";
		};
		E94D183D1AF9FB2300E31B01 /* Models */ = {
			isa = PBXGroup;
			children = (
				E94D18421AFA032600E31B01 /* WantData.h */,
				E94D18431AFA032600E31B01 /* WantData.m */,
			);
			name = Models;
			sourceTree = "<group>";
		};
		E95574321AF86D2600F0B230 = {
			isa = PBXGroup;
			children = (
				E955743D1AF86D2600F0B230 /* whunted */,
				E95574571AF86D2600F0B230 /* whuntedTests */,
				E955743C1AF86D2600F0B230 /* Products */,
				D326FF1EB1CB99B6020807AD /* Pods */,
				6FB553A10BCC9D1C8BA1C3B1 /* Frameworks */,
			);
			sourceTree = "<group>";
		};
		E955743C1AF86D2600F0B230 /* Products */ = {
			isa = PBXGroup;
			children = (
				E955743B1AF86D2600F0B230 /* whunted.app */,
				E95574541AF86D2600F0B230 /* whuntedTests.xctest */,
			);
			name = Products;
			sourceTree = "<group>";
		};
		E955743D1AF86D2600F0B230 /* whunted */ = {
			isa = PBXGroup;
			children = (
				E94D17C81AF8B4FD00E31B01 /* Application */,
				E94D17CC1AF8B55800E31B01 /* Controllers */,
				E94D183D1AF9FB2300E31B01 /* Models */,
				E916F45D1B02F604005055E3 /* Library */,
				E94D17D51AF8B68600E31B01 /* Resources */,
				E955744B1AF86D2600F0B230 /* Images.xcassets */,
				E955744D1AF86D2600F0B230 /* LaunchScreen.xib */,
				E94D17D91AF8B8F800E31B01 /* Info.plist */,
			);
			path = whunted;
			sourceTree = "<group>";
		};
		E95574571AF86D2600F0B230 /* whuntedTests */ = {
			isa = PBXGroup;
			children = (
				E955745A1AF86D2600F0B230 /* whuntedTests.m */,
				E95574581AF86D2600F0B230 /* Supporting Files */,
			);
			path = whuntedTests;
			sourceTree = "<group>";
		};
		E95574581AF86D2600F0B230 /* Supporting Files */ = {
			isa = PBXGroup;
			children = (
				E95574591AF86D2600F0B230 /* Info.plist */,
			);
			name = "Supporting Files";
			sourceTree = "<group>";
		};
		E95CFA4B1B133FB6003755E3 /* Facebook SDK */ = {
			isa = PBXGroup;
			children = (
				E9B800911B144527006D9133 /* FBSDKCoreKit.framework */,
				E9B800921B144527006D9133 /* FBSDKLoginKit.framework */,
				E9B800931B144527006D9133 /* FBSDKShareKit.framework */,
			);
			name = "Facebook SDK";
			sourceTree = "<group>";
		};
		E95CFA4C1B133FD5003755E3 /* Parse SDK */ = {
			isa = PBXGroup;
			children = (
				E9B800971B14458B006D9133 /* ParseFacebookUtilsV4.framework */,
				E9B8006E1B144376006D9133 /* Bolts.framework */,
				E9B8006F1B144376006D9133 /* Parse.framework */,
			);
			name = "Parse SDK";
			sourceTree = "<group>";
		};
		E95CFA4D1B141E0B003755E3 /* LoginSignup */ = {
			isa = PBXGroup;
			children = (
				E95CFA4E1B141E3C003755E3 /* LoginSignupViewController.h */,
				E95CFA4F1B141E3C003755E3 /* LoginSignupViewController.m */,
			);
			name = LoginSignup;
			sourceTree = "<group>";
		};
		E95CFA511B141ED0003755E3 /* LoginSignup */ = {
			isa = PBXGroup;
			children = (
				E9B800991B145481006D9133 /* background_image.jpg */,
				E95CFA521B141EDE003755E3 /* facebook_login_button@1x.png */,
				E95CFA531B141EDE003755E3 /* facebook_login_button@2x.png */,
				E95CFA541B141EDE003755E3 /* facebook_login_button@3x.png */,
			);
			name = LoginSignup;
			sourceTree = "<group>";
		};
		E97CE4911B09334A0027C5FA /* CategoryTable */ = {
			isa = PBXGroup;
			children = (
				E97CE4921B0933EE0027C5FA /* CategoryTableViewController.h */,
				E97CE4931B0933EE0027C5FA /* CategoryTableViewController.m */,
			);
			name = CategoryTable;
			sourceTree = "<group>";
		};
		E97CE4951B09BED20027C5FA /* LocationTable */ = {
			isa = PBXGroup;
			children = (
				E97CE4961B09BEFF0027C5FA /* LocationTableViewController.h */,
				E97CE4971B09BEFF0027C5FA /* LocationTableViewController.m */,
			);
			name = LocationTable;
			sourceTree = "<group>";
		};
		E97CE4991B09C7730027C5FA /* ItemInfoTable */ = {
			isa = PBXGroup;
			children = (
				E97CE49A1B09C84A0027C5FA /* ItemInfoTableViewController.h */,
				E97CE49B1B09C84A0027C5FA /* ItemInfoTableViewController.m */,
			);
			name = ItemInfoTable;
			sourceTree = "<group>";
		};
		E97CE49D1B09ECA00027C5FA /* ImageGetterVC */ = {
			isa = PBXGroup;
			children = (
				E97CE4B31B0A076B0027C5FA /* ImageGetterViewController.h */,
				E97CE4B41B0A076B0027C5FA /* ImageGetterViewController.m */,
				E97CE4B51B0A076B0027C5FA /* ImageGetterViewController.xib */,
			);
			name = ImageGetterVC;
			sourceTree = "<group>";
		};
		E97CE49E1B09ECAE0027C5FA /* WantDetailsVC */ = {
			isa = PBXGroup;
			children = (
				E97CE49F1B09ECC90027C5FA /* WantDetailsViewController.h */,
				E97CE4A01B09ECC90027C5FA /* WantDetailsViewController.m */,
			);
			name = WantDetailsVC;
			sourceTree = "<group>";
		};
		E97CE4A71B09EEF10027C5FA /* NewsFeedTableViewCell */ = {
			isa = PBXGroup;
			children = (
				E97CE4AE1B09EF330027C5FA /* NewsFeedTableViewCell.h */,
				E97CE4AF1B09EF330027C5FA /* NewsFeedTableViewCell.m */,
				E97CE4B01B09EF330027C5FA /* NewsFeedTableViewCell.xib */,
			);
			name = NewsFeedTableViewCell;
			sourceTree = "<group>";
		};
		E97CE4A81B09EF070027C5FA /* NewsFeedVC */ = {
			isa = PBXGroup;
			children = (
				E97CE4A91B09EF230027C5FA /* NewsFeedViewController.h */,
				E97CE4AA1B09EF230027C5FA /* NewsFeedViewController.m */,
				E97CE4AB1B09EF230027C5FA /* NewsFeedViewController.xib */,
			);
			name = NewsFeedVC;
			sourceTree = "<group>";
		};
		E9D9C5071B1BFFCE00222E0C /* Marketplace */ = {
			isa = PBXGroup;
			children = (
				E9D9C5081B1C009400222E0C /* MarketplaceVC */,
				E9D9C50C1B1C052F00222E0C /* MarketplaceCollectionViewCell */,
			);
			name = Marketplace;
			sourceTree = "<group>";
		};
		E9D9C5081B1C009400222E0C /* MarketplaceVC */ = {
			isa = PBXGroup;
			children = (
				E9D9C5091B1C012000222E0C /* MarketplaceViewController.h */,
				E9D9C50A1B1C012000222E0C /* MarketplaceViewController.m */,
			);
			name = MarketplaceVC;
			sourceTree = "<group>";
		};
		E9D9C50C1B1C052F00222E0C /* MarketplaceCollectionViewCell */ = {
			isa = PBXGroup;
			children = (
				E9D9C50D1B1C059D00222E0C /* MarketplaceCollectionViewCell.h */,
				E9D9C50E1B1C059D00222E0C /* MarketplaceCollectionViewCell.m */,
			);
			name = MarketplaceCollectionViewCell;
			sourceTree = "<group>";
		};
		E9E456551B0D84D800E8B55D /* MyWantVC */ = {
			isa = PBXGroup;
			children = (
				E9E4565D1B0D863200E8B55D /* MyWantViewController.h */,
				E9E4565E1B0D863200E8B55D /* MyWantViewController.m */,
			);
			name = MyWantVC;
			sourceTree = "<group>";
		};
		E9E456561B0D84E200E8B55D /* MySellVC */ = {
			isa = PBXGroup;
			children = (
				E9E456621B0D866F00E8B55D /* MySellViewController.h */,
				E9E456631B0D866F00E8B55D /* MySellViewController.m */,
			);
			name = MySellVC;
			sourceTree = "<group>";
		};
		E9E4567D1B0DDC9500E8B55D /* CustomVC */ = {
			isa = PBXGroup;
			children = (
				E9E456851B0DE92300E8B55D /* HorizontalLineViewController.h */,
				E9E456861B0DE92300E8B55D /* HorizontalLineViewController.m */,
				E9E456831B0DE8E100E8B55D /* HorizontalLineViewController.xib */,
			);
			name = CustomVC;
			sourceTree = "<group>";
		};
		E9E456881B0F095000E8B55D /* MyWantTableViewCell */ = {
			isa = PBXGroup;
			children = (
				E96361501B1815D400EB9D35 /* WantTableViewCell.h */,
				E96361511B1815D400EB9D35 /* WantTableViewCell.m */,
			);
			name = MyWantTableViewCell;
			sourceTree = "<group>";
		};
		E9E4568E1B0F0D9300E8B55D /* WantSellCell */ = {
			isa = PBXGroup;
			children = (
				E9E456951B0F25E400E8B55D /* sellers_icon.png */,
				E9E456931B0F20CE00E8B55D /* promote_icon.png */,
				E9E4568F1B0F0DA500E8B55D /* likes_icon.png */,
				E9E456901B0F0DA500E8B55D /* view_icon.png */,
			);
			name = WantSellCell;
			sourceTree = "<group>";
		};
		E9E456CF1B0F3A7200E8B55D /* WantImageVC */ = {
			isa = PBXGroup;
			children = (
				E9E456D01B0F3B6B00E8B55D /* WantImageViewController.h */,
				E9E456D11B0F3B6B00E8B55D /* WantImageViewController.m */,
			);
			name = WantImageVC;
			sourceTree = "<group>";
		};
/* End PBXGroup section */

/* Begin PBXNativeTarget section */
		E955743A1AF86D2600F0B230 /* whunted */ = {
			isa = PBXNativeTarget;
			buildConfigurationList = E955745E1AF86D2600F0B230 /* Build configuration list for PBXNativeTarget "whunted" */;
			buildPhases = (
				2CFC9FDCBF84DC5055650241 /* Check Pods Manifest.lock */,
				E95574371AF86D2600F0B230 /* Sources */,
				E95574381AF86D2600F0B230 /* Frameworks */,
				E95574391AF86D2600F0B230 /* Resources */,
				E65F4206D65767DD8A00C8D0 /* Copy Pods Resources */,
			);
			buildRules = (
			);
			dependencies = (
			);
			name = whunted;
			productName = whunted;
			productReference = E955743B1AF86D2600F0B230 /* whunted.app */;
			productType = "com.apple.product-type.application";
		};
		E95574531AF86D2600F0B230 /* whuntedTests */ = {
			isa = PBXNativeTarget;
			buildConfigurationList = E95574611AF86D2600F0B230 /* Build configuration list for PBXNativeTarget "whuntedTests" */;
			buildPhases = (
				E95574501AF86D2600F0B230 /* Sources */,
				E95574511AF86D2600F0B230 /* Frameworks */,
				E95574521AF86D2600F0B230 /* Resources */,
			);
			buildRules = (
			);
			dependencies = (
				E95574561AF86D2600F0B230 /* PBXTargetDependency */,
			);
			name = whuntedTests;
			productName = whuntedTests;
			productReference = E95574541AF86D2600F0B230 /* whuntedTests.xctest */;
			productType = "com.apple.product-type.bundle.unit-test";
		};
/* End PBXNativeTarget section */

/* Begin PBXProject section */
		E95574331AF86D2600F0B230 /* Project object */ = {
			isa = PBXProject;
			attributes = {
				LastUpgradeCheck = 0630;
				ORGANIZATIONNAME = Whunted;
				TargetAttributes = {
					E955743A1AF86D2600F0B230 = {
						CreatedOnToolsVersion = 6.3.1;
						DevelopmentTeam = JSQEZRK8NP;
					};
					E95574531AF86D2600F0B230 = {
						CreatedOnToolsVersion = 6.3.1;
						TestTargetID = E955743A1AF86D2600F0B230;
					};
				};
			};
			buildConfigurationList = E95574361AF86D2600F0B230 /* Build configuration list for PBXProject "whunted" */;
			compatibilityVersion = "Xcode 3.2";
			developmentRegion = English;
			hasScannedForEncodings = 0;
			knownRegions = (
				en,
				Base,
			);
			mainGroup = E95574321AF86D2600F0B230;
			productRefGroup = E955743C1AF86D2600F0B230 /* Products */;
			projectDirPath = "";
			projectRoot = "";
			targets = (
				E955743A1AF86D2600F0B230 /* whunted */,
				E95574531AF86D2600F0B230 /* whuntedTests */,
			);
		};
/* End PBXProject section */

/* Begin PBXResourcesBuildPhase section */
		E95574391AF86D2600F0B230 /* Resources */ = {
			isa = PBXResourcesBuildPhase;
			buildActionMask = 2147483647;
			files = (
				E95CFA551B141EDE003755E3 /* facebook_login_button@1x.png in Resources */,
				E91A5A641B048590008382E2 /* cameraplus@3x.png in Resources */,
				E94D18111AF9CE8900E31B01 /* browse@3x.png in Resources */,
				E9E456961B0F25E400E8B55D /* sellers_icon.png in Resources */,
				E94D18141AF9CE8900E31B01 /* chat@3x.png in Resources */,
				E97CE4B21B09EF330027C5FA /* NewsFeedTableViewCell.xib in Resources */,
				E94D18121AF9CE8900E31B01 /* chat@1x.png in Resources */,
				E94D181D1AF9CE8900E31B01 /* profile@3x.png in Resources */,
				E91A5A6E1B04C1E6008382E2 /* next@1x.png in Resources */,
				E91A5A691B049A2D008382E2 /* square_dashed@2x.png in Resources */,
				E97CE48C1B07745A0027C5FA /* squareplus@1x.png in Resources */,
				E9B800A51B16B5BC006D9133 /* app_icon@3x.png in Resources */,
				E9E4566D1B0D8C7400E8B55D /* sell_icon@1x.png in Resources */,
				E91A5A701B04C1E6008382E2 /* next@3x.png in Resources */,
				E916F45C1B01EC57005055E3 /* camera@3x.png in Resources */,
				E91A5A6A1B049A2D008382E2 /* square_dashed@3x.png in Resources */,
				E9E456941B0F20CE00E8B55D /* promote_icon.png in Resources */,
				E91A5A621B048590008382E2 /* cameraplus@1x.png in Resources */,
				E94D181C1AF9CE8900E31B01 /* profile@2x.png in Resources */,
				E94D181A1AF9CE8900E31B01 /* newsfeed@3x.png in Resources */,
				E9E456911B0F0DA500E8B55D /* likes_icon.png in Resources */,
				E9E456841B0DE8E100E8B55D /* HorizontalLineViewController.xib in Resources */,
				E95CFA561B141EDE003755E3 /* facebook_login_button@2x.png in Resources */,
				E9B8009A1B145481006D9133 /* background_image.jpg in Resources */,
				E9E4566E1B0D8C7400E8B55D /* sell_icon@2x.png in Resources */,
				E916F45B1B01EC57005055E3 /* camera@2x.png in Resources */,
				E97CE4901B07876C0027C5FA /* squareplus@2x.png in Resources */,
				E94D18131AF9CE8900E31B01 /* chat@2x.png in Resources */,
				E9B800A41B16B5BC006D9133 /* app_icon@2x.png in Resources */,
				E9E4566F1B0D8C7400E8B55D /* sell_icon@3x.png in Resources */,
				E94D18201AF9CE8900E31B01 /* search@3x.png in Resources */,
				E94D17DA1AF8B8F800E31B01 /* Info.plist in Resources */,
				E94D180F1AF9CE8900E31B01 /* browse@1x.png in Resources */,
				E94D181B1AF9CE8900E31B01 /* profile@1x.png in Resources */,
				E916F45A1B01EC57005055E3 /* camera@1x.png in Resources */,
				E963614D1B16C7F000EB9D35 /* marketplace@1x.png in Resources */,
				E94D18371AF9F18300E31B01 /* newsfeed@1x.png in Resources */,
				E94D18101AF9CE8900E31B01 /* browse@2x.png in Resources */,
				E94D18381AF9F18300E31B01 /* newsfeed@2x.png in Resources */,
				E91A5A6F1B04C1E6008382E2 /* next@2x.png in Resources */,
				E9E456921B0F0DA500E8B55D /* view_icon.png in Resources */,
				E97CE4AD1B09EF230027C5FA /* NewsFeedViewController.xib in Resources */,
				E97CE4B71B0A076B0027C5FA /* ImageGetterViewController.xib in Resources */,
				E963614F1B16C7F000EB9D35 /* marketplace@3x.png in Resources */,
				E94D18191AF9CE8900E31B01 /* newsfeed@2x.png in Resources */,
				E97CE48E1B07745A0027C5FA /* squareplus@3x.png in Resources */,
				E94D181E1AF9CE8900E31B01 /* search@1x.png in Resources */,
				E9B800A31B16B5BC006D9133 /* app_icon@1x.png in Resources */,
				E955744F1AF86D2600F0B230 /* LaunchScreen.xib in Resources */,
				E955744C1AF86D2600F0B230 /* Images.xcassets in Resources */,
				E94D18181AF9CE8900E31B01 /* newsfeed@1x.png in Resources */,
				E94D18161AF9CE8900E31B01 /* filter@2x.png in Resources */,
				E94D181F1AF9CE8900E31B01 /* search@2x.png in Resources */,
				E95CFA571B141EDE003755E3 /* facebook_login_button@3x.png in Resources */,
				E9E456721B0D8C7400E8B55D /* want_icon@3x.png in Resources */,
				E963614E1B16C7F000EB9D35 /* marketplace@2x.png in Resources */,
				E9E456701B0D8C7400E8B55D /* want_icon@1x.png in Resources */,
				E9E456711B0D8C7400E8B55D /* want_icon@2x.png in Resources */,
				E91A5A681B049A2D008382E2 /* square_dashed@1x.png in Resources */,
				E94D18171AF9CE8900E31B01 /* filter@3x.png in Resources */,
				E94D18391AF9F18300E31B01 /* newsfeed@3x.png in Resources */,
				E94D18151AF9CE8900E31B01 /* filter@1x.png in Resources */,
				E91A5A631B048590008382E2 /* cameraplus@2x.png in Resources */,
			);
			runOnlyForDeploymentPostprocessing = 0;
		};
		E95574521AF86D2600F0B230 /* Resources */ = {
			isa = PBXResourcesBuildPhase;
			buildActionMask = 2147483647;
			files = (
			);
			runOnlyForDeploymentPostprocessing = 0;
		};
/* End PBXResourcesBuildPhase section */

/* Begin PBXShellScriptBuildPhase section */
		2CFC9FDCBF84DC5055650241 /* Check Pods Manifest.lock */ = {
			isa = PBXShellScriptBuildPhase;
			buildActionMask = 2147483647;
			files = (
			);
			inputPaths = (
			);
			name = "Check Pods Manifest.lock";
			outputPaths = (
			);
			runOnlyForDeploymentPostprocessing = 0;
			shellPath = /bin/sh;
			shellScript = "diff \"${PODS_ROOT}/../Podfile.lock\" \"${PODS_ROOT}/Manifest.lock\" > /dev/null\nif [[ $? != 0 ]] ; then\n    cat << EOM\nerror: The sandbox is not in sync with the Podfile.lock. Run 'pod install' or update your CocoaPods installation.\nEOM\n    exit 1\nfi\n";
			showEnvVarsInLog = 0;
		};
		E65F4206D65767DD8A00C8D0 /* Copy Pods Resources */ = {
			isa = PBXShellScriptBuildPhase;
			buildActionMask = 2147483647;
			files = (
			);
			inputPaths = (
			);
			name = "Copy Pods Resources";
			outputPaths = (
			);
			runOnlyForDeploymentPostprocessing = 0;
			shellPath = /bin/sh;
			shellScript = "\"${SRCROOT}/Pods/Target Support Files/Pods/Pods-resources.sh\"\n";
			showEnvVarsInLog = 0;
		};
/* End PBXShellScriptBuildPhase section */

/* Begin PBXSourcesBuildPhase section */
		E95574371AF86D2600F0B230 /* Sources */ = {
			isa = PBXSourcesBuildPhase;
			buildActionMask = 2147483647;
			files = (
				E95CFA501B141E3C003755E3 /* LoginSignupViewController.m in Sources */,
				E94D17CB1AF8B51000E31B01 /* AppDelegate.m in Sources */,
				E97CE4941B0933EE0027C5FA /* CategoryTableViewController.m in Sources */,
				E97CE4A11B09ECC90027C5FA /* WantDetailsViewController.m in Sources */,
				E9E456871B0DE92300E8B55D /* HorizontalLineViewController.m in Sources */,
				E916F44E1B00B978005055E3 /* GenericController.m in Sources */,
				E97CE4B11B09EF330027C5FA /* NewsFeedTableViewCell.m in Sources */,
				E916F4451B00A9ED005055E3 /* MainViewController.m in Sources */,
				E916F46E1B033BDE005055E3 /* Utilities.m in Sources */,
				E9D9C50B1B1C012000222E0C /* MarketplaceViewController.m in Sources */,
				E97CE4AC1B09EF230027C5FA /* NewsFeedViewController.m in Sources */,
				E94D18441AFA032600E31B01 /* WantData.m in Sources */,
				E9E456D21B0F3B6B00E8B55D /* WantImageViewController.m in Sources */,
				E97CE4981B09BEFF0027C5FA /* LocationTableViewController.m in Sources */,
				E97CE4B61B0A076B0027C5FA /* ImageGetterViewController.m in Sources */,
				E9E456651B0D866F00E8B55D /* MySellViewController.m in Sources */,
				E94D17D41AF8B66000E31B01 /* main.m in Sources */,
				E9E456601B0D863200E8B55D /* MyWantViewController.m in Sources */,
				E9D9C50F1B1C059D00222E0C /* MarketplaceCollectionViewCell.m in Sources */,
				E96361521B1815D400EB9D35 /* WantTableViewCell.m in Sources */,
				E97CE49C1B09C84A0027C5FA /* ItemInfoTableViewController.m in Sources */,
				E916F4611B02F62C005055E3 /* KLCPopup.m in Sources */,
			);
			runOnlyForDeploymentPostprocessing = 0;
		};
		E95574501AF86D2600F0B230 /* Sources */ = {
			isa = PBXSourcesBuildPhase;
			buildActionMask = 2147483647;
			files = (
				E955745B1AF86D2600F0B230 /* whuntedTests.m in Sources */,
			);
			runOnlyForDeploymentPostprocessing = 0;
		};
/* End PBXSourcesBuildPhase section */

/* Begin PBXTargetDependency section */
		E95574561AF86D2600F0B230 /* PBXTargetDependency */ = {
			isa = PBXTargetDependency;
			target = E955743A1AF86D2600F0B230 /* whunted */;
			targetProxy = E95574551AF86D2600F0B230 /* PBXContainerItemProxy */;
		};
/* End PBXTargetDependency section */

/* Begin PBXVariantGroup section */
		E955744D1AF86D2600F0B230 /* LaunchScreen.xib */ = {
			isa = PBXVariantGroup;
			children = (
				E955744E1AF86D2600F0B230 /* Base */,
			);
			name = LaunchScreen.xib;
			sourceTree = "<group>";
		};
/* End PBXVariantGroup section */

/* Begin XCBuildConfiguration section */
		E955745C1AF86D2600F0B230 /* Debug */ = {
			isa = XCBuildConfiguration;
			buildSettings = {
				ALWAYS_SEARCH_USER_PATHS = NO;
				CLANG_CXX_LANGUAGE_STANDARD = "gnu++0x";
				CLANG_CXX_LIBRARY = "libc++";
				CLANG_ENABLE_MODULES = YES;
				CLANG_ENABLE_OBJC_ARC = YES;
				CLANG_WARN_BOOL_CONVERSION = YES;
				CLANG_WARN_CONSTANT_CONVERSION = YES;
				CLANG_WARN_DIRECT_OBJC_ISA_USAGE = YES_ERROR;
				CLANG_WARN_EMPTY_BODY = YES;
				CLANG_WARN_ENUM_CONVERSION = YES;
				CLANG_WARN_INT_CONVERSION = YES;
				CLANG_WARN_OBJC_ROOT_CLASS = YES_ERROR;
				CLANG_WARN_UNREACHABLE_CODE = YES;
				CLANG_WARN__DUPLICATE_METHOD_MATCH = YES;
				"CODE_SIGN_IDENTITY[sdk=iphoneos*]" = "iPhone Developer";
				COPY_PHASE_STRIP = NO;
				DEBUG_INFORMATION_FORMAT = "dwarf-with-dsym";
				ENABLE_STRICT_OBJC_MSGSEND = YES;
				GCC_C_LANGUAGE_STANDARD = gnu99;
				GCC_DYNAMIC_NO_PIC = NO;
				GCC_NO_COMMON_BLOCKS = YES;
				GCC_OPTIMIZATION_LEVEL = 0;
				GCC_PREPROCESSOR_DEFINITIONS = (
					"DEBUG=1",
					"$(inherited)",
				);
				GCC_SYMBOLS_PRIVATE_EXTERN = NO;
				GCC_WARN_64_TO_32_BIT_CONVERSION = YES;
				GCC_WARN_ABOUT_RETURN_TYPE = YES_ERROR;
				GCC_WARN_UNDECLARED_SELECTOR = YES;
				GCC_WARN_UNINITIALIZED_AUTOS = YES_AGGRESSIVE;
				GCC_WARN_UNUSED_FUNCTION = YES;
				GCC_WARN_UNUSED_VARIABLE = YES;
				IPHONEOS_DEPLOYMENT_TARGET = 8.3;
				MTL_ENABLE_DEBUG_INFO = YES;
				ONLY_ACTIVE_ARCH = YES;
				SDKROOT = iphoneos;
				TARGETED_DEVICE_FAMILY = "1,2";
			};
			name = Debug;
		};
		E955745D1AF86D2600F0B230 /* Release */ = {
			isa = XCBuildConfiguration;
			buildSettings = {
				ALWAYS_SEARCH_USER_PATHS = NO;
				CLANG_CXX_LANGUAGE_STANDARD = "gnu++0x";
				CLANG_CXX_LIBRARY = "libc++";
				CLANG_ENABLE_MODULES = YES;
				CLANG_ENABLE_OBJC_ARC = YES;
				CLANG_WARN_BOOL_CONVERSION = YES;
				CLANG_WARN_CONSTANT_CONVERSION = YES;
				CLANG_WARN_DIRECT_OBJC_ISA_USAGE = YES_ERROR;
				CLANG_WARN_EMPTY_BODY = YES;
				CLANG_WARN_ENUM_CONVERSION = YES;
				CLANG_WARN_INT_CONVERSION = YES;
				CLANG_WARN_OBJC_ROOT_CLASS = YES_ERROR;
				CLANG_WARN_UNREACHABLE_CODE = YES;
				CLANG_WARN__DUPLICATE_METHOD_MATCH = YES;
				"CODE_SIGN_IDENTITY[sdk=iphoneos*]" = "iPhone Developer";
				COPY_PHASE_STRIP = NO;
				DEBUG_INFORMATION_FORMAT = "dwarf-with-dsym";
				ENABLE_NS_ASSERTIONS = NO;
				ENABLE_STRICT_OBJC_MSGSEND = YES;
				GCC_C_LANGUAGE_STANDARD = gnu99;
				GCC_NO_COMMON_BLOCKS = YES;
				GCC_WARN_64_TO_32_BIT_CONVERSION = YES;
				GCC_WARN_ABOUT_RETURN_TYPE = YES_ERROR;
				GCC_WARN_UNDECLARED_SELECTOR = YES;
				GCC_WARN_UNINITIALIZED_AUTOS = YES_AGGRESSIVE;
				GCC_WARN_UNUSED_FUNCTION = YES;
				GCC_WARN_UNUSED_VARIABLE = YES;
				IPHONEOS_DEPLOYMENT_TARGET = 8.3;
				MTL_ENABLE_DEBUG_INFO = NO;
				SDKROOT = iphoneos;
				TARGETED_DEVICE_FAMILY = "1,2";
				VALIDATE_PRODUCT = YES;
			};
			name = Release;
		};
		E955745F1AF86D2600F0B230 /* Debug */ = {
			isa = XCBuildConfiguration;
			baseConfigurationReference = 531206C37018F83BCB102C23 /* Pods.debug.xcconfig */;
			buildSettings = {
				ASSETCATALOG_COMPILER_APPICON_NAME = AppIcon;
				CODE_SIGN_IDENTITY = "iPhone Developer";
				"CODE_SIGN_IDENTITY[sdk=iphoneos*]" = "iPhone Developer";
				FRAMEWORK_SEARCH_PATHS = (
					"$(inherited)",
					"$(PROJECT_DIR)/whunted/Library/Parse-library-1.7.4",
					/Users/Thomas/Documents/FacebookSDK,
					"$(PROJECT_DIR)/whunted/Library/Facebook",
					SDK,
					"$(PROJECT_DIR)/whunted/Library/Facebook",
					SDK,
				);
				INFOPLIST_FILE = whunted/Info.plist;
				LD_RUNPATH_SEARCH_PATHS = "$(inherited) @executable_path/Frameworks";
				PRODUCT_NAME = "$(TARGET_NAME)";
				PROVISIONING_PROFILE = "";
			};
			name = Debug;
		};
		E95574601AF86D2600F0B230 /* Release */ = {
			isa = XCBuildConfiguration;
			baseConfigurationReference = EF75C2A99F4BA89B058BEE11 /* Pods.release.xcconfig */;
			buildSettings = {
				ASSETCATALOG_COMPILER_APPICON_NAME = AppIcon;
				CODE_SIGN_IDENTITY = "iPhone Developer";
				"CODE_SIGN_IDENTITY[sdk=iphoneos*]" = "iPhone Developer";
				FRAMEWORK_SEARCH_PATHS = (
					"$(inherited)",
					"$(PROJECT_DIR)/whunted/Library/Parse-library-1.7.4",
					/Users/Thomas/Documents/FacebookSDK,
					"$(PROJECT_DIR)/whunted/Library/Facebook",
					SDK,
					"$(PROJECT_DIR)/whunted/Library/Facebook",
					SDK,
				);
				INFOPLIST_FILE = whunted/Info.plist;
				LD_RUNPATH_SEARCH_PATHS = "$(inherited) @executable_path/Frameworks";
				PRODUCT_NAME = "$(TARGET_NAME)";
				PROVISIONING_PROFILE = "";
			};
			name = Release;
		};
		E95574621AF86D2600F0B230 /* Debug */ = {
			isa = XCBuildConfiguration;
			buildSettings = {
				BUNDLE_LOADER = "$(TEST_HOST)";
				FRAMEWORK_SEARCH_PATHS = (
					"$(SDKROOT)/Developer/Library/Frameworks",
					"$(inherited)",
				);
				GCC_PREPROCESSOR_DEFINITIONS = (
					"DEBUG=1",
					"$(inherited)",
				);
				INFOPLIST_FILE = whuntedTests/Info.plist;
				LD_RUNPATH_SEARCH_PATHS = "$(inherited) @executable_path/Frameworks @loader_path/Frameworks";
				PRODUCT_NAME = "$(TARGET_NAME)";
				TEST_HOST = "$(BUILT_PRODUCTS_DIR)/whunted.app/whunted";
			};
			name = Debug;
		};
		E95574631AF86D2600F0B230 /* Release */ = {
			isa = XCBuildConfiguration;
			buildSettings = {
				BUNDLE_LOADER = "$(TEST_HOST)";
				FRAMEWORK_SEARCH_PATHS = (
					"$(SDKROOT)/Developer/Library/Frameworks",
					"$(inherited)",
				);
				INFOPLIST_FILE = whuntedTests/Info.plist;
				LD_RUNPATH_SEARCH_PATHS = "$(inherited) @executable_path/Frameworks @loader_path/Frameworks";
				PRODUCT_NAME = "$(TARGET_NAME)";
				TEST_HOST = "$(BUILT_PRODUCTS_DIR)/whunted.app/whunted";
			};
			name = Release;
		};
/* End XCBuildConfiguration section */

/* Begin XCConfigurationList section */
		E95574361AF86D2600F0B230 /* Build configuration list for PBXProject "whunted" */ = {
			isa = XCConfigurationList;
			buildConfigurations = (
				E955745C1AF86D2600F0B230 /* Debug */,
				E955745D1AF86D2600F0B230 /* Release */,
			);
			defaultConfigurationIsVisible = 0;
			defaultConfigurationName = Release;
		};
		E955745E1AF86D2600F0B230 /* Build configuration list for PBXNativeTarget "whunted" */ = {
			isa = XCConfigurationList;
			buildConfigurations = (
				E955745F1AF86D2600F0B230 /* Debug */,
				E95574601AF86D2600F0B230 /* Release */,
			);
			defaultConfigurationIsVisible = 0;
			defaultConfigurationName = Release;
		};
		E95574611AF86D2600F0B230 /* Build configuration list for PBXNativeTarget "whuntedTests" */ = {
			isa = XCConfigurationList;
			buildConfigurations = (
				E95574621AF86D2600F0B230 /* Debug */,
				E95574631AF86D2600F0B230 /* Release */,
			);
			defaultConfigurationIsVisible = 0;
			defaultConfigurationName = Release;
		};
/* End XCConfigurationList section */
	};
	rootObject = E95574331AF86D2600F0B230 /* Project object */;
}
